
Microsoft Visual Studio Solution File, Format Version 12.00
# Visual Studio 2012
Project("{2150E333-8FDC-42A3-9474-1A3956D46DE8}") = "Plugins", "Plugins", "{5B2CD84C-073E-4489-8744-E0F37E1C1994}"
EndProject
Project("{2150E333-8FDC-42A3-9474-1A3956D46DE8}") = "Config", "Config", "{0D5B21F7-53D7-466C-9D16-8029CB7B9C73}"
	ProjectSection(SolutionItems) = preProject
		config\AdminExportedServices.config = config\AdminExportedServices.config
		config\Aop.config = config\Aop.config
		config\Data.config = config\Data.config
		config\log4net.config = config\log4net.config
		config\Logic.config = config\Logic.config
		config\NAAS.config = config\NAAS.config
		config\Other.config = config\Other.config
		config\PluginServices.config = config\PluginServices.config
		config\Remoting.config = config\Remoting.config
		config\Server.config = config\Server.config
		config\Service.config = config\Service.config
		config\Utilities.config = config\Utilities.config
		config\WebProxy.config = config\WebProxy.config
		config\WebServiceExportedServices.config = config\WebServiceExportedServices.config
		config\WNOS.config = config\WNOS.config
	EndProjectSection
EndProject
Project("{FAE04EC0-301F-11D3-BF4B-00C04F79EFBC}") = "Endpoint2", "src\Endpoint2\Endpoint2.csproj", "{C20D5EA0-99D8-4D99-85F6-3CD814219307}"
EndProject
Project("{FAE04EC0-301F-11D3-BF4B-00C04F79EFBC}") = "WNOS", "src\WNOS\WNOS.csproj", "{678199A5-4695-40A6-BEF2-C1E66361F080}"
EndProject
Project("{FAE04EC0-301F-11D3-BF4B-00C04F79EFBC}") = "WNOSConnector", "src\WNOSConnector\WNOSConnector.csproj", "{6DFCA062-E70D-4CCE-BBBF-11CA09EF2FD0}"
EndProject
Project("{FAE04EC0-301F-11D3-BF4B-00C04F79EFBC}") = "Endpoint1", "src\Endpoint1\Endpoint1.csproj", "{879027AB-0768-48C1-B4CD-E15AA91CB11B}"
EndProject
Project("{FAE04EC0-301F-11D3-BF4B-00C04F79EFBC}") = "WNOSPlugin", "src\WNOSPlugin\WNOSPlugin.csproj", "{FF0BCEE5-858F-4DC9-8B7B-51FFB2AA6B70}"
EndProject
Project("{FAE04EC0-301F-11D3-BF4B-00C04F79EFBC}") = "WNOSUtility", "src\WNOSUtility\WNOSUtility.csproj", "{94459097-5EAE-4482-B1E0-F419CEBCC8C7}"
EndProject
Project("{FAE04EC0-301F-11D3-BF4B-00C04F79EFBC}") = "Admin", "src\Admin\Admin.csproj", "{F11899B7-F1BF-4B78-8876-DACE0EA3F286}"
EndProject
Project("{FAE04EC0-301F-11D3-BF4B-00C04F79EFBC}") = "WNOSDomain", "src\WNOSDomain\WNOSDomain.csproj", "{0AD3D68F-4A02-4080-BFF2-8AD1BAB259AA}"
EndProject
Project("{FAE04EC0-301F-11D3-BF4B-00C04F79EFBC}") = "SDWIS", "plugins\SDWIS\SDWIS.csproj", "{1C128B2C-50F0-493B-9D6B-1092A64FCB49}"
EndProject
Project("{FAE04EC0-301F-11D3-BF4B-00C04F79EFBC}") = "WNOSProviders", "src\WNOSProviders\WNOSProviders.csproj", "{D95C862B-FFDC-4936-8835-B0D8DB421B20}"
EndProject
Project("{FAE04EC0-301F-11D3-BF4B-00C04F79EFBC}") = "SetupBuild", "src\SetupBuild\SetupBuild.csproj", "{640C7A87-776C-4D6D-B95C-C89C6A63C718}"
	ProjectSection(ProjectDependencies) = postProject
		{8AF84600-2242-4544-B69B-44444E44E15F} = {8AF84600-2242-4544-B69B-44444E44E15F}
		{52A56B02-87FE-4529-8A86-2450BDDDE7D3} = {52A56B02-87FE-4529-8A86-2450BDDDE7D3}
		{29E10C05-9175-4534-B890-4E0F38CE435D} = {29E10C05-9175-4534-B890-4E0F38CE435D}
		{BFF2A107-4B4B-4B8B-8E98-8F66618F1D6A} = {BFF2A107-4B4B-4B8B-8E98-8F66618F1D6A}
		{8FB61114-2953-4BF9-86AC-072FF5B401D7} = {8FB61114-2953-4BF9-86AC-072FF5B401D7}
		{E9F37429-69FD-4270-AD6C-323728872326} = {E9F37429-69FD-4270-AD6C-323728872326}
		{D95C862B-FFDC-4936-8835-B0D8DB421B20} = {D95C862B-FFDC-4936-8835-B0D8DB421B20}
		{1C128B2C-50F0-493B-9D6B-1092A64FCB49} = {1C128B2C-50F0-493B-9D6B-1092A64FCB49}
		{DBD36E4A-83B9-4179-8881-CDEC85576320} = {DBD36E4A-83B9-4179-8881-CDEC85576320}
		{CA2C8B53-7D4B-4C42-8063-B5B882649EB9} = {CA2C8B53-7D4B-4C42-8063-B5B882649EB9}
		{A722CC55-914B-4EBC-9A8B-6D9992014665} = {A722CC55-914B-4EBC-9A8B-6D9992014665}
		{DA9F525D-A2D8-469C-B7D7-1CD14173DD57} = {DA9F525D-A2D8-469C-B7D7-1CD14173DD57}
		{C625305F-C294-41ED-801F-7E404EB4C564} = {C625305F-C294-41ED-801F-7E404EB4C564}
		{6D573662-3D84-4630-ADFB-26DB9FC168FB} = {6D573662-3D84-4630-ADFB-26DB9FC168FB}
		{6DFCA062-E70D-4CCE-BBBF-11CA09EF2FD0} = {6DFCA062-E70D-4CCE-BBBF-11CA09EF2FD0}
		{E5B7FB63-FD4F-488F-A620-8E61849BB79A} = {E5B7FB63-FD4F-488F-A620-8E61849BB79A}
		{CE0BC366-E2D0-4CFB-920D-2E08C5CB1D1F} = {CE0BC366-E2D0-4CFB-920D-2E08C5CB1D1F}
		{72CB1F6F-5E7B-4397-92A9-1F5A311B3BA7} = {72CB1F6F-5E7B-4397-92A9-1F5A311B3BA7}
		{D5374478-B3C9-4920-93FB-0FA5C2AFA446} = {D5374478-B3C9-4920-93FB-0FA5C2AFA446}
		{44AC2980-03BE-4AA2-A5D1-521CF550C27D} = {44AC2980-03BE-4AA2-A5D1-521CF550C27D}
		{C201FD80-438C-4252-9655-B3E26F75A5AA} = {C201FD80-438C-4252-9655-B3E26F75A5AA}
		{0AD3D68F-4A02-4080-BFF2-8AD1BAB259AA} = {0AD3D68F-4A02-4080-BFF2-8AD1BAB259AA}
		{9A183E94-4726-4A27-BEC8-5EC2F58758F7} = {9A183E94-4726-4A27-BEC8-5EC2F58758F7}
		{94459097-5EAE-4482-B1E0-F419CEBCC8C7} = {94459097-5EAE-4482-B1E0-F419CEBCC8C7}
		{0C5B2B99-3C65-4EDB-AC86-6944A458A024} = {0C5B2B99-3C65-4EDB-AC86-6944A458A024}
		{C20D5EA0-99D8-4D99-85F6-3CD814219307} = {C20D5EA0-99D8-4D99-85F6-3CD814219307}
		{73AAC6A1-0028-4947-8B57-2DDE04D6D115} = {73AAC6A1-0028-4947-8B57-2DDE04D6D115}
		{0E843BA5-422C-418F-9E9A-AC1B290F29F8} = {0E843BA5-422C-418F-9E9A-AC1B290F29F8}
		{678199A5-4695-40A6-BEF2-C1E66361F080} = {678199A5-4695-40A6-BEF2-C1E66361F080}
		{879027AB-0768-48C1-B4CD-E15AA91CB11B} = {879027AB-0768-48C1-B4CD-E15AA91CB11B}
		{13580DB4-1052-44E5-84D2-ABAAF0CEFCB6} = {13580DB4-1052-44E5-84D2-ABAAF0CEFCB6}
		{F11899B7-F1BF-4B78-8876-DACE0EA3F286} = {F11899B7-F1BF-4B78-8876-DACE0EA3F286}
		{4B0B60B9-BA9C-45EB-BDAB-A7571F5157E3} = {4B0B60B9-BA9C-45EB-BDAB-A7571F5157E3}
		{5BBBB0C6-250C-4ADD-A209-749230B8548B} = {5BBBB0C6-250C-4ADD-A209-749230B8548B}
		{BDA87ACC-153F-4D40-95F3-8D9268E1E9B1} = {BDA87ACC-153F-4D40-95F3-8D9268E1E9B1}
		{2524CACD-7494-4084-B52F-D4D9D8ABC5AD} = {2524CACD-7494-4084-B52F-D4D9D8ABC5AD}
		{E9332DD2-9164-4F49-9C80-70431B40B582} = {E9332DD2-9164-4F49-9C80-70431B40B582}
		{711CDDD6-7D1F-4416-A57C-71303E81A28B} = {711CDDD6-7D1F-4416-A57C-71303E81A28B}
		{2249EFD8-40F1-4C41-BCF0-AD29FEDFCBD0} = {2249EFD8-40F1-4C41-BCF0-AD29FEDFCBD0}
		{08B620DD-973C-476D-B2CE-6DE23D423258} = {08B620DD-973C-476D-B2CE-6DE23D423258}
		{8EBA09E4-083F-4287-9622-4C68F6F7824C} = {8EBA09E4-083F-4287-9622-4C68F6F7824C}
		{D6560AE5-C1F1-4F27-A7B4-5D65B7DE1CC6} = {D6560AE5-C1F1-4F27-A7B4-5D65B7DE1CC6}
		{F9ECB8E8-8D94-481F-A802-8B241C616DA9} = {F9ECB8E8-8D94-481F-A802-8B241C616DA9}
		{E8D576FF-5C78-409E-B44F-166C7282D85A} = {E8D576FF-5C78-409E-B44F-166C7282D85A}
	EndProjectSection
EndProject
Project("{FAE04EC0-301F-11D3-BF4B-00C04F79EFBC}") = "PNWWQX", "plugins\PNWWQX\PNWWQX.csproj", "{72CB1F6F-5E7B-4397-92A9-1F5A311B3BA7}"
EndProject
Project("{FAE04EC0-301F-11D3-BF4B-00C04F79EFBC}") = "WNOSConsoleApp", "src\WNOSConsoleApp\WNOSConsoleApp.csproj", "{CA2C8B53-7D4B-4C42-8063-B5B882649EB9}"
EndProject
Project("{FAE04EC0-301F-11D3-BF4B-00C04F79EFBC}") = "WNOSServiceApp", "src\WNOSServiceApp\WNOSServiceApp.csproj", "{52A56B02-87FE-4529-8A86-2450BDDDE7D3}"
EndProject
Project("{FAE04EC0-301F-11D3-BF4B-00C04F79EFBC}") = "NCT", "plugins\NCT\NCT.csproj", "{13580DB4-1052-44E5-84D2-ABAAF0CEFCB6}"
EndProject
Project("{FAE04EC0-301F-11D3-BF4B-00C04F79EFBC}") = "WQX_2", "plugins\WQX_2\WQX_2.csproj", "{BDA87ACC-153F-4D40-95F3-8D9268E1E9B1}"
EndProject
Project("{FAE04EC0-301F-11D3-BF4B-00C04F79EFBC}") = "AQS-WS", "plugins\AQS-WS\AQS-WS.csproj", "{E9332DD2-9164-4F49-9C80-70431B40B582}"
EndProject
Project("{FAE04EC0-301F-11D3-BF4B-00C04F79EFBC}") = "Windsor", "plugins\WINDSOR\Windsor.csproj", "{E8D576FF-5C78-409E-B44F-166C7282D85A}"
EndProject
Project("{FAE04EC0-301F-11D3-BF4B-00C04F79EFBC}") = "CameoInputFileProcessor", "plugins\HERE\CameoInputFileProcessor\CameoInputFileProcessor.csproj", "{2524CACD-7494-4084-B52F-D4D9D8ABC5AD}"
	ProjectSection(ProjectDependencies) = postProject
		{94459097-5EAE-4482-B1E0-F419CEBCC8C7} = {94459097-5EAE-4482-B1E0-F419CEBCC8C7}
	EndProjectSection
EndProject
Project("{FAE04EC0-301F-11D3-BF4B-00C04F79EFBC}") = "HERE", "plugins\HERE\HERE.csproj", "{0E843BA5-422C-418F-9E9A-AC1B290F29F8}"
EndProject
Project("{FAE04EC0-301F-11D3-BF4B-00C04F79EFBC}") = "Windsor.Commons.Core", "..\common-windsor-net\windsor-commons-core\Windsor.Commons.Core.csproj", "{FE8A985A-F050-4475-B3D6-4E95EE87CF40}"
	ProjectSection(ProjectDependencies) = postProject
		{711CDDD6-7D1F-4416-A57C-71303E81A28B} = {711CDDD6-7D1F-4416-A57C-71303E81A28B}
	EndProjectSection
EndProject
Project("{FAE04EC0-301F-11D3-BF4B-00C04F79EFBC}") = "Windsor.Commons.Compression", "..\common-windsor-net\windsor-commons-compression\Windsor.Commons.Compression.csproj", "{A5E08ED5-9650-4CDF-90C1-ACD0A3463BA3}"
EndProject
Project("{FAE04EC0-301F-11D3-BF4B-00C04F79EFBC}") = "Windsor.Commons.GenericCollectionLibrary", "..\common-windsor-net\windsor-commons-genericcollectionlibrary\Windsor.Commons.GenericCollectionLibrary.csproj", "{73AAC6A1-0028-4947-8B57-2DDE04D6D115}"
EndProject
Project("{FAE04EC0-301F-11D3-BF4B-00C04F79EFBC}") = "Windsor.Commons.Spring", "..\common-windsor-net\windsor-commons-spring\Windsor.Commons.Spring.csproj", "{2249EFD8-40F1-4C41-BCF0-AD29FEDFCBD0}"
EndProject
Project("{FAE04EC0-301F-11D3-BF4B-00C04F79EFBC}") = "Windsor.Commons.Logging", "..\common-windsor-net\windsor-commons-logging\Windsor.Commons.Logging.csproj", "{C201FD80-438C-4252-9655-B3E26F75A5AA}"
EndProject
Project("{FAE04EC0-301F-11D3-BF4B-00C04F79EFBC}") = "Security", "plugins\Security\Security.csproj", "{C625305F-C294-41ED-801F-7E404EB4C564}"
EndProject
Project("{FAE04EC0-301F-11D3-BF4B-00C04F79EFBC}") = "FACID30", "plugins\FACID30\FACID30.csproj", "{08B620DD-973C-476D-B2CE-6DE23D423258}"
EndProject
Project("{FAE04EC0-301F-11D3-BF4B-00C04F79EFBC}") = "Windsor.Commons.AssemblyInfo", "..\common-windsor-net\windsor-commons-assemblyinfo\Windsor.Commons.AssemblyInfo.csproj", "{711CDDD6-7D1F-4416-A57C-71303E81A28B}"
EndProject
Project("{FAE04EC0-301F-11D3-BF4B-00C04F79EFBC}") = "Windsor.Commons.XsdOrm", "..\common-windsor-net\windsor-commons-xsdorm\Windsor.Commons.XsdOrm.csproj", "{8A62B9FD-50DC-4712-9237-ADE3CDC0A3D4}"
EndProject
Project("{FAE04EC0-301F-11D3-BF4B-00C04F79EFBC}") = "FRS", "plugins\FRS_23\FRS.csproj", "{5BBBB0C6-250C-4ADD-A209-749230B8548B}"
EndProject
Project("{FAE04EC0-301F-11D3-BF4B-00C04F79EFBC}") = "ENDS_2", "plugins\ENDS_2\ENDS_2.csproj", "{29E10C05-9175-4534-B890-4E0F38CE435D}"
EndProject
Project("{FAE04EC0-301F-11D3-BF4B-00C04F79EFBC}") = "MapForceBridge", "plugins\MapForceBridge\MapForceBridge.csproj", "{9A183E94-4726-4A27-BEC8-5EC2F58758F7}"
EndProject
Project("{FAE04EC0-301F-11D3-BF4B-00C04F79EFBC}") = "Windsor.Commons.Velocity", "..\common-windsor-net\windsor-commons-velocity\Windsor.Commons.Velocity.csproj", "{DBD36E4A-83B9-4179-8881-CDEC85576320}"
EndProject
Project("{FAE04EC0-301F-11D3-BF4B-00C04F79EFBC}") = "EIS_12", "plugins\EIS_12\EIS_12.csproj", "{BFF2A107-4B4B-4B8B-8E98-8F66618F1D6A}"
EndProject
Project("{FAE04EC0-301F-11D3-BF4B-00C04F79EFBC}") = "EMTS_10", "plugins\EMTS_10\EMTS_10.csproj", "{F9ECB8E8-8D94-481F-A802-8B241C616DA9}"
EndProject
Project("{FAE04EC0-301F-11D3-BF4B-00C04F79EFBC}") = "Windsor.Commons.NAASClient", "..\common-windsor-net\windsor-commons-naasclient\Windsor.Commons.NAASClient.csproj", "{8FB61114-2953-4BF9-86AC-072FF5B401D7}"
EndProject
Project("{FAE04EC0-301F-11D3-BF4B-00C04F79EFBC}") = "Windsor.Commons.NodeDomain", "..\common-windsor-net\windsor-commons-nodedomain\Windsor.Commons.NodeDomain.csproj", "{D5374478-B3C9-4920-93FB-0FA5C2AFA446}"
EndProject
Project("{FAE04EC0-301F-11D3-BF4B-00C04F79EFBC}") = "Windsor.Commons.NodeClient", "..\common-windsor-net\windsor-commons-nodeclient\Windsor.Commons.NodeClient.csproj", "{E5B7FB63-FD4F-488F-A620-8E61849BB79A}"
EndProject
Project("{FAE04EC0-301F-11D3-BF4B-00C04F79EFBC}") = "RCRA_52", "plugins\RCRA_52\RCRA_52.csproj", "{E9F37429-69FD-4270-AD6C-323728872326}"
EndProject
Project("{FAE04EC0-301F-11D3-BF4B-00C04F79EFBC}") = "ADMIN_10", "plugins\ADMIN_10\ADMIN_10.csproj", "{8EBA09E4-083F-4287-9622-4C68F6F7824C}"
EndProject
Project("{FAE04EC0-301F-11D3-BF4B-00C04F79EFBC}") = "UIC_20", "plugins\UIC_20\UIC_20.csproj", "{D6560AE5-C1F1-4F27-A7B4-5D65B7DE1CC6}"
EndProject
Project("{FAE04EC0-301F-11D3-BF4B-00C04F79EFBC}") = "EIS_Bridge_12", "plugins\EIS-Bridge_12\EIS_Bridge_12.csproj", "{A722CC55-914B-4EBC-9A8B-6D9992014665}"
EndProject
Project("{FAE04EC0-301F-11D3-BF4B-00C04F79EFBC}") = "EMTS_20", "plugins\EMTS_20\EMTS_20.csproj", "{6D573662-3D84-4630-ADFB-26DB9FC168FB}"
EndProject
Project("{FAE04EC0-301F-11D3-BF4B-00C04F79EFBC}") = "Windsor.Commons.XsdOrm2", "..\common-windsor-net\windsor-commons-xsdorm2\Windsor.Commons.XsdOrm2.csproj", "{DA9F525D-A2D8-469C-B7D7-1CD14173DD57}"
EndProject
Project("{FAE04EC0-301F-11D3-BF4B-00C04F79EFBC}") = "BEACHES_22", "plugins\BEACHES_22\BEACHES_22.csproj", "{0C5B2B99-3C65-4EDB-AC86-6944A458A024}"
EndProject
Project("{FAE04EC0-301F-11D3-BF4B-00C04F79EFBC}") = "AQS_AirVision", "plugins\AQS_AirVision\AQS_AirVision.csproj", "{CE0BC366-E2D0-4CFB-920D-2E08C5CB1D1F}"
EndProject
Project("{FAE04EC0-301F-11D3-BF4B-00C04F79EFBC}") = "AQS_2", "plugins\AQS2\AQS_2.csproj", "{8AF84600-2242-4544-B69B-44444E44E15F}"
EndProject
Project("{FAE04EC0-301F-11D3-BF4B-00C04F79EFBC}") = "OWIR_ATT_20", "plugins\OWIR_ATT_20\OWIR_ATT_20.csproj", "{4B0B60B9-BA9C-45EB-BDAB-A7571F5157E3}"
EndProject
Project("{FAE04EC0-301F-11D3-BF4B-00C04F79EFBC}") = "ICISNPDES_40", "plugins\ICISNPDES_40\ICISNPDES_40.csproj", "{44AC2980-03BE-4AA2-A5D1-521CF550C27D}"
EndProject
Project("{FAE04EC0-301F-11D3-BF4B-00C04F79EFBC}") = "P2R", "plugins\P2R\P2R.csproj", "{A8B3F1BC-15E2-4D21-9A1D-16BC0E87E179}"
EndProject
Project("{FAE04EC0-301F-11D3-BF4B-00C04F79EFBC}") = "TRI_50", "plugins\TRI_50\TRI_50.csproj", "{83957777-16E0-4267-BA73-E510DB40BAC7}"
EndProject
Project("{FAE04EC0-301F-11D3-BF4B-00C04F79EFBC}") = "RestEndpoint", "src\RestEndpoint\RestEndpoint.csproj", "{A3C6F384-ECB4-4A64-A06F-3E70F0EA7D10}"
EndProject
Project("{FAE04EC0-301F-11D3-BF4B-00C04F79EFBC}") = "Windsor.Commons.AspNet.WebApi", "..\common-windsor-net\windsor-commons-aspnet-webapi\Windsor.Commons.AspNet.WebApi.csproj", "{3B182887-CF56-4470-88E2-846ACCC9E0AF}"
EndProject
Project("{FAE04EC0-301F-11D3-BF4B-00C04F79EFBC}") = "Windsor.Commons.DataAnnotations", "..\common-windsor-net\windsor-commons-dataannotations\Windsor.Commons.DataAnnotations.csproj", "{C9621E79-2DF9-4D62-9D28-8F0026026EDD}"
EndProject
Global
	GlobalSection(SolutionConfigurationPlatforms) = preSolution
		Debug|Any CPU = Debug|Any CPU
		Release|Any CPU = Release|Any CPU
	EndGlobalSection
	GlobalSection(ProjectConfigurationPlatforms) = postSolution
		{C20D5EA0-99D8-4D99-85F6-3CD814219307}.Debug|Any CPU.ActiveCfg = Debug|Any CPU
		{C20D5EA0-99D8-4D99-85F6-3CD814219307}.Debug|Any CPU.Build.0 = Debug|Any CPU
		{C20D5EA0-99D8-4D99-85F6-3CD814219307}.Release|Any CPU.ActiveCfg = Release|Any CPU
		{C20D5EA0-99D8-4D99-85F6-3CD814219307}.Release|Any CPU.Build.0 = Release|Any CPU
		{678199A5-4695-40A6-BEF2-C1E66361F080}.Debug|Any CPU.ActiveCfg = Debug|Any CPU
		{678199A5-4695-40A6-BEF2-C1E66361F080}.Debug|Any CPU.Build.0 = Debug|Any CPU
		{678199A5-4695-40A6-BEF2-C1E66361F080}.Release|Any CPU.ActiveCfg = Debug|Any CPU
		{678199A5-4695-40A6-BEF2-C1E66361F080}.Release|Any CPU.Build.0 = Debug|Any CPU
		{6DFCA062-E70D-4CCE-BBBF-11CA09EF2FD0}.Debug|Any CPU.ActiveCfg = Debug|Any CPU
		{6DFCA062-E70D-4CCE-BBBF-11CA09EF2FD0}.Debug|Any CPU.Build.0 = Debug|Any CPU
		{6DFCA062-E70D-4CCE-BBBF-11CA09EF2FD0}.Release|Any CPU.ActiveCfg = Debug|Any CPU
		{6DFCA062-E70D-4CCE-BBBF-11CA09EF2FD0}.Release|Any CPU.Build.0 = Debug|Any CPU
		{879027AB-0768-48C1-B4CD-E15AA91CB11B}.Debug|Any CPU.ActiveCfg = Debug|Any CPU
		{879027AB-0768-48C1-B4CD-E15AA91CB11B}.Debug|Any CPU.Build.0 = Debug|Any CPU
		{879027AB-0768-48C1-B4CD-E15AA91CB11B}.Release|Any CPU.ActiveCfg = Release|Any CPU
		{879027AB-0768-48C1-B4CD-E15AA91CB11B}.Release|Any CPU.Build.0 = Release|Any CPU
		{FF0BCEE5-858F-4DC9-8B7B-51FFB2AA6B70}.Debug|Any CPU.ActiveCfg = Debug|Any CPU
		{FF0BCEE5-858F-4DC9-8B7B-51FFB2AA6B70}.Debug|Any CPU.Build.0 = Debug|Any CPU
		{FF0BCEE5-858F-4DC9-8B7B-51FFB2AA6B70}.Release|Any CPU.ActiveCfg = Debug|Any CPU
		{FF0BCEE5-858F-4DC9-8B7B-51FFB2AA6B70}.Release|Any CPU.Build.0 = Debug|Any CPU
		{94459097-5EAE-4482-B1E0-F419CEBCC8C7}.Debug|Any CPU.ActiveCfg = Debug|Any CPU
		{94459097-5EAE-4482-B1E0-F419CEBCC8C7}.Debug|Any CPU.Build.0 = Debug|Any CPU
		{94459097-5EAE-4482-B1E0-F419CEBCC8C7}.Release|Any CPU.ActiveCfg = Debug|Any CPU
		{94459097-5EAE-4482-B1E0-F419CEBCC8C7}.Release|Any CPU.Build.0 = Debug|Any CPU
		{F11899B7-F1BF-4B78-8876-DACE0EA3F286}.Debug|Any CPU.ActiveCfg = Debug|Any CPU
		{F11899B7-F1BF-4B78-8876-DACE0EA3F286}.Debug|Any CPU.Build.0 = Debug|Any CPU
		{F11899B7-F1BF-4B78-8876-DACE0EA3F286}.Release|Any CPU.ActiveCfg = Release|Any CPU
		{F11899B7-F1BF-4B78-8876-DACE0EA3F286}.Release|Any CPU.Build.0 = Release|Any CPU
		{0AD3D68F-4A02-4080-BFF2-8AD1BAB259AA}.Debug|Any CPU.ActiveCfg = Debug|Any CPU
		{0AD3D68F-4A02-4080-BFF2-8AD1BAB259AA}.Debug|Any CPU.Build.0 = Debug|Any CPU
		{0AD3D68F-4A02-4080-BFF2-8AD1BAB259AA}.Release|Any CPU.ActiveCfg = Debug|Any CPU
		{0AD3D68F-4A02-4080-BFF2-8AD1BAB259AA}.Release|Any CPU.Build.0 = Debug|Any CPU
		{1C128B2C-50F0-493B-9D6B-1092A64FCB49}.Debug|Any CPU.ActiveCfg = Debug|Any CPU
		{1C128B2C-50F0-493B-9D6B-1092A64FCB49}.Debug|Any CPU.Build.0 = Debug|Any CPU
		{1C128B2C-50F0-493B-9D6B-1092A64FCB49}.Release|Any CPU.ActiveCfg = Debug|Any CPU
		{1C128B2C-50F0-493B-9D6B-1092A64FCB49}.Release|Any CPU.Build.0 = Debug|Any CPU
		{D95C862B-FFDC-4936-8835-B0D8DB421B20}.Debug|Any CPU.ActiveCfg = Debug|Any CPU
		{D95C862B-FFDC-4936-8835-B0D8DB421B20}.Debug|Any CPU.Build.0 = Debug|Any CPU
		{D95C862B-FFDC-4936-8835-B0D8DB421B20}.Release|Any CPU.ActiveCfg = Debug|Any CPU
		{D95C862B-FFDC-4936-8835-B0D8DB421B20}.Release|Any CPU.Build.0 = Debug|Any CPU
		{640C7A87-776C-4D6D-B95C-C89C6A63C718}.Debug|Any CPU.ActiveCfg = Debug|Any CPU
		{640C7A87-776C-4D6D-B95C-C89C6A63C718}.Debug|Any CPU.Build.0 = Debug|Any CPU
		{640C7A87-776C-4D6D-B95C-C89C6A63C718}.Release|Any CPU.ActiveCfg = Debug|Any CPU
		{640C7A87-776C-4D6D-B95C-C89C6A63C718}.Release|Any CPU.Build.0 = Debug|Any CPU
		{72CB1F6F-5E7B-4397-92A9-1F5A311B3BA7}.Debug|Any CPU.ActiveCfg = Debug|Any CPU
		{72CB1F6F-5E7B-4397-92A9-1F5A311B3BA7}.Debug|Any CPU.Build.0 = Debug|Any CPU
		{72CB1F6F-5E7B-4397-92A9-1F5A311B3BA7}.Release|Any CPU.ActiveCfg = Debug|Any CPU
		{72CB1F6F-5E7B-4397-92A9-1F5A311B3BA7}.Release|Any CPU.Build.0 = Debug|Any CPU
		{CA2C8B53-7D4B-4C42-8063-B5B882649EB9}.Debug|Any CPU.ActiveCfg = Debug|Any CPU
		{CA2C8B53-7D4B-4C42-8063-B5B882649EB9}.Debug|Any CPU.Build.0 = Debug|Any CPU
		{CA2C8B53-7D4B-4C42-8063-B5B882649EB9}.Release|Any CPU.ActiveCfg = Debug|Any CPU
		{CA2C8B53-7D4B-4C42-8063-B5B882649EB9}.Release|Any CPU.Build.0 = Debug|Any CPU
		{52A56B02-87FE-4529-8A86-2450BDDDE7D3}.Debug|Any CPU.ActiveCfg = Debug|Any CPU
		{52A56B02-87FE-4529-8A86-2450BDDDE7D3}.Debug|Any CPU.Build.0 = Debug|Any CPU
		{52A56B02-87FE-4529-8A86-2450BDDDE7D3}.Release|Any CPU.ActiveCfg = Debug|Any CPU
		{52A56B02-87FE-4529-8A86-2450BDDDE7D3}.Release|Any CPU.Build.0 = Debug|Any CPU
		{13580DB4-1052-44E5-84D2-ABAAF0CEFCB6}.Debug|Any CPU.ActiveCfg = Debug|Any CPU
		{13580DB4-1052-44E5-84D2-ABAAF0CEFCB6}.Debug|Any CPU.Build.0 = Debug|Any CPU
		{13580DB4-1052-44E5-84D2-ABAAF0CEFCB6}.Release|Any CPU.ActiveCfg = Debug|Any CPU
		{13580DB4-1052-44E5-84D2-ABAAF0CEFCB6}.Release|Any CPU.Build.0 = Debug|Any CPU
		{BDA87ACC-153F-4D40-95F3-8D9268E1E9B1}.Debug|Any CPU.ActiveCfg = Debug|Any CPU
		{BDA87ACC-153F-4D40-95F3-8D9268E1E9B1}.Debug|Any CPU.Build.0 = Debug|Any CPU
		{BDA87ACC-153F-4D40-95F3-8D9268E1E9B1}.Release|Any CPU.ActiveCfg = Debug|Any CPU
		{BDA87ACC-153F-4D40-95F3-8D9268E1E9B1}.Release|Any CPU.Build.0 = Debug|Any CPU
		{E9332DD2-9164-4F49-9C80-70431B40B582}.Debug|Any CPU.ActiveCfg = Debug|Any CPU
		{E9332DD2-9164-4F49-9C80-70431B40B582}.Debug|Any CPU.Build.0 = Debug|Any CPU
		{E9332DD2-9164-4F49-9C80-70431B40B582}.Release|Any CPU.ActiveCfg = Debug|Any CPU
		{E9332DD2-9164-4F49-9C80-70431B40B582}.Release|Any CPU.Build.0 = Debug|Any CPU
		{E8D576FF-5C78-409E-B44F-166C7282D85A}.Debug|Any CPU.ActiveCfg = Debug|Any CPU
		{E8D576FF-5C78-409E-B44F-166C7282D85A}.Debug|Any CPU.Build.0 = Debug|Any CPU
		{E8D576FF-5C78-409E-B44F-166C7282D85A}.Release|Any CPU.ActiveCfg = Debug|Any CPU
		{E8D576FF-5C78-409E-B44F-166C7282D85A}.Release|Any CPU.Build.0 = Debug|Any CPU
		{2524CACD-7494-4084-B52F-D4D9D8ABC5AD}.Debug|Any CPU.ActiveCfg = Debug|Any CPU
		{2524CACD-7494-4084-B52F-D4D9D8ABC5AD}.Debug|Any CPU.Build.0 = Debug|Any CPU
		{2524CACD-7494-4084-B52F-D4D9D8ABC5AD}.Release|Any CPU.ActiveCfg = Debug|Any CPU
		{2524CACD-7494-4084-B52F-D4D9D8ABC5AD}.Release|Any CPU.Build.0 = Debug|Any CPU
		{0E843BA5-422C-418F-9E9A-AC1B290F29F8}.Debug|Any CPU.ActiveCfg = Debug|Any CPU
		{0E843BA5-422C-418F-9E9A-AC1B290F29F8}.Debug|Any CPU.Build.0 = Debug|Any CPU
		{0E843BA5-422C-418F-9E9A-AC1B290F29F8}.Release|Any CPU.ActiveCfg = Debug|Any CPU
		{0E843BA5-422C-418F-9E9A-AC1B290F29F8}.Release|Any CPU.Build.0 = Debug|Any CPU
		{FE8A985A-F050-4475-B3D6-4E95EE87CF40}.Debug|Any CPU.ActiveCfg = Debug|Any CPU
		{FE8A985A-F050-4475-B3D6-4E95EE87CF40}.Debug|Any CPU.Build.0 = Debug|Any CPU
		{FE8A985A-F050-4475-B3D6-4E95EE87CF40}.Release|Any CPU.ActiveCfg = Debug|Any CPU
		{FE8A985A-F050-4475-B3D6-4E95EE87CF40}.Release|Any CPU.Build.0 = Debug|Any CPU
		{A5E08ED5-9650-4CDF-90C1-ACD0A3463BA3}.Debug|Any CPU.ActiveCfg = Debug|Any CPU
		{A5E08ED5-9650-4CDF-90C1-ACD0A3463BA3}.Debug|Any CPU.Build.0 = Debug|Any CPU
		{A5E08ED5-9650-4CDF-90C1-ACD0A3463BA3}.Release|Any CPU.ActiveCfg = Debug|Any CPU
		{A5E08ED5-9650-4CDF-90C1-ACD0A3463BA3}.Release|Any CPU.Build.0 = Debug|Any CPU
		{73AAC6A1-0028-4947-8B57-2DDE04D6D115}.Debug|Any CPU.ActiveCfg = Debug|Any CPU
		{73AAC6A1-0028-4947-8B57-2DDE04D6D115}.Debug|Any CPU.Build.0 = Debug|Any CPU
		{73AAC6A1-0028-4947-8B57-2DDE04D6D115}.Release|Any CPU.ActiveCfg = Debug|Any CPU
		{73AAC6A1-0028-4947-8B57-2DDE04D6D115}.Release|Any CPU.Build.0 = Debug|Any CPU
		{2249EFD8-40F1-4C41-BCF0-AD29FEDFCBD0}.Debug|Any CPU.ActiveCfg = Debug|Any CPU
		{2249EFD8-40F1-4C41-BCF0-AD29FEDFCBD0}.Debug|Any CPU.Build.0 = Debug|Any CPU
		{2249EFD8-40F1-4C41-BCF0-AD29FEDFCBD0}.Release|Any CPU.ActiveCfg = Debug|Any CPU
		{2249EFD8-40F1-4C41-BCF0-AD29FEDFCBD0}.Release|Any CPU.Build.0 = Debug|Any CPU
		{C201FD80-438C-4252-9655-B3E26F75A5AA}.Debug|Any CPU.ActiveCfg = Debug|Any CPU
		{C201FD80-438C-4252-9655-B3E26F75A5AA}.Debug|Any CPU.Build.0 = Debug|Any CPU
		{C201FD80-438C-4252-9655-B3E26F75A5AA}.Release|Any CPU.ActiveCfg = Debug|Any CPU
		{C201FD80-438C-4252-9655-B3E26F75A5AA}.Release|Any CPU.Build.0 = Debug|Any CPU
		{C625305F-C294-41ED-801F-7E404EB4C564}.Debug|Any CPU.ActiveCfg = Debug|Any CPU
		{C625305F-C294-41ED-801F-7E404EB4C564}.Debug|Any CPU.Build.0 = Debug|Any CPU
		{C625305F-C294-41ED-801F-7E404EB4C564}.Release|Any CPU.ActiveCfg = Debug|Any CPU
		{C625305F-C294-41ED-801F-7E404EB4C564}.Release|Any CPU.Build.0 = Debug|Any CPU
		{08B620DD-973C-476D-B2CE-6DE23D423258}.Debug|Any CPU.ActiveCfg = Debug|Any CPU
		{08B620DD-973C-476D-B2CE-6DE23D423258}.Debug|Any CPU.Build.0 = Debug|Any CPU
		{08B620DD-973C-476D-B2CE-6DE23D423258}.Release|Any CPU.ActiveCfg = Debug|Any CPU
		{08B620DD-973C-476D-B2CE-6DE23D423258}.Release|Any CPU.Build.0 = Debug|Any CPU
		{711CDDD6-7D1F-4416-A57C-71303E81A28B}.Debug|Any CPU.ActiveCfg = Debug|Any CPU
		{711CDDD6-7D1F-4416-A57C-71303E81A28B}.Debug|Any CPU.Build.0 = Debug|Any CPU
		{711CDDD6-7D1F-4416-A57C-71303E81A28B}.Release|Any CPU.ActiveCfg = Debug|Any CPU
		{711CDDD6-7D1F-4416-A57C-71303E81A28B}.Release|Any CPU.Build.0 = Debug|Any CPU
		{8A62B9FD-50DC-4712-9237-ADE3CDC0A3D4}.Debug|Any CPU.ActiveCfg = Debug|Any CPU
		{8A62B9FD-50DC-4712-9237-ADE3CDC0A3D4}.Debug|Any CPU.Build.0 = Debug|Any CPU
		{8A62B9FD-50DC-4712-9237-ADE3CDC0A3D4}.Release|Any CPU.ActiveCfg = Debug|Any CPU
		{8A62B9FD-50DC-4712-9237-ADE3CDC0A3D4}.Release|Any CPU.Build.0 = Debug|Any CPU
		{5BBBB0C6-250C-4ADD-A209-749230B8548B}.Debug|Any CPU.ActiveCfg = Debug|Any CPU
		{5BBBB0C6-250C-4ADD-A209-749230B8548B}.Debug|Any CPU.Build.0 = Debug|Any CPU
		{5BBBB0C6-250C-4ADD-A209-749230B8548B}.Release|Any CPU.ActiveCfg = Debug|Any CPU
		{5BBBB0C6-250C-4ADD-A209-749230B8548B}.Release|Any CPU.Build.0 = Debug|Any CPU
		{29E10C05-9175-4534-B890-4E0F38CE435D}.Debug|Any CPU.ActiveCfg = Debug|Any CPU
		{29E10C05-9175-4534-B890-4E0F38CE435D}.Debug|Any CPU.Build.0 = Debug|Any CPU
		{29E10C05-9175-4534-B890-4E0F38CE435D}.Release|Any CPU.ActiveCfg = Debug|Any CPU
		{29E10C05-9175-4534-B890-4E0F38CE435D}.Release|Any CPU.Build.0 = Debug|Any CPU
		{9A183E94-4726-4A27-BEC8-5EC2F58758F7}.Debug|Any CPU.ActiveCfg = Debug|Any CPU
		{9A183E94-4726-4A27-BEC8-5EC2F58758F7}.Debug|Any CPU.Build.0 = Debug|Any CPU
		{9A183E94-4726-4A27-BEC8-5EC2F58758F7}.Release|Any CPU.ActiveCfg = Debug|Any CPU
		{9A183E94-4726-4A27-BEC8-5EC2F58758F7}.Release|Any CPU.Build.0 = Debug|Any CPU
		{DBD36E4A-83B9-4179-8881-CDEC85576320}.Debug|Any CPU.ActiveCfg = Debug|Any CPU
		{DBD36E4A-83B9-4179-8881-CDEC85576320}.Debug|Any CPU.Build.0 = Debug|Any CPU
		{DBD36E4A-83B9-4179-8881-CDEC85576320}.Release|Any CPU.ActiveCfg = Debug|Any CPU
		{DBD36E4A-83B9-4179-8881-CDEC85576320}.Release|Any CPU.Build.0 = Debug|Any CPU
		{BFF2A107-4B4B-4B8B-8E98-8F66618F1D6A}.Debug|Any CPU.ActiveCfg = Debug|Any CPU
		{BFF2A107-4B4B-4B8B-8E98-8F66618F1D6A}.Debug|Any CPU.Build.0 = Debug|Any CPU
		{BFF2A107-4B4B-4B8B-8E98-8F66618F1D6A}.Release|Any CPU.ActiveCfg = Debug|Any CPU
		{BFF2A107-4B4B-4B8B-8E98-8F66618F1D6A}.Release|Any CPU.Build.0 = Debug|Any CPU
		{F9ECB8E8-8D94-481F-A802-8B241C616DA9}.Debug|Any CPU.ActiveCfg = Debug|Any CPU
		{F9ECB8E8-8D94-481F-A802-8B241C616DA9}.Debug|Any CPU.Build.0 = Debug|Any CPU
		{F9ECB8E8-8D94-481F-A802-8B241C616DA9}.Release|Any CPU.ActiveCfg = Debug|Any CPU
		{F9ECB8E8-8D94-481F-A802-8B241C616DA9}.Release|Any CPU.Build.0 = Debug|Any CPU
		{8FB61114-2953-4BF9-86AC-072FF5B401D7}.Debug|Any CPU.ActiveCfg = Debug|Any CPU
		{8FB61114-2953-4BF9-86AC-072FF5B401D7}.Debug|Any CPU.Build.0 = Debug|Any CPU
		{8FB61114-2953-4BF9-86AC-072FF5B401D7}.Release|Any CPU.ActiveCfg = Debug|Any CPU
		{8FB61114-2953-4BF9-86AC-072FF5B401D7}.Release|Any CPU.Build.0 = Debug|Any CPU
		{D5374478-B3C9-4920-93FB-0FA5C2AFA446}.Debug|Any CPU.ActiveCfg = Debug|Any CPU
		{D5374478-B3C9-4920-93FB-0FA5C2AFA446}.Debug|Any CPU.Build.0 = Debug|Any CPU
		{D5374478-B3C9-4920-93FB-0FA5C2AFA446}.Release|Any CPU.ActiveCfg = Debug|Any CPU
		{D5374478-B3C9-4920-93FB-0FA5C2AFA446}.Release|Any CPU.Build.0 = Debug|Any CPU
		{E5B7FB63-FD4F-488F-A620-8E61849BB79A}.Debug|Any CPU.ActiveCfg = Debug|Any CPU
		{E5B7FB63-FD4F-488F-A620-8E61849BB79A}.Debug|Any CPU.Build.0 = Debug|Any CPU
		{E5B7FB63-FD4F-488F-A620-8E61849BB79A}.Release|Any CPU.ActiveCfg = Debug|Any CPU
		{E5B7FB63-FD4F-488F-A620-8E61849BB79A}.Release|Any CPU.Build.0 = Debug|Any CPU
		{E9F37429-69FD-4270-AD6C-323728872326}.Debug|Any CPU.ActiveCfg = Debug|Any CPU
		{E9F37429-69FD-4270-AD6C-323728872326}.Debug|Any CPU.Build.0 = Debug|Any CPU
		{E9F37429-69FD-4270-AD6C-323728872326}.Release|Any CPU.ActiveCfg = Debug|Any CPU
		{E9F37429-69FD-4270-AD6C-323728872326}.Release|Any CPU.Build.0 = Debug|Any CPU
		{8EBA09E4-083F-4287-9622-4C68F6F7824C}.Debug|Any CPU.ActiveCfg = Debug|Any CPU
		{8EBA09E4-083F-4287-9622-4C68F6F7824C}.Debug|Any CPU.Build.0 = Debug|Any CPU
		{8EBA09E4-083F-4287-9622-4C68F6F7824C}.Release|Any CPU.ActiveCfg = Debug|Any CPU
		{8EBA09E4-083F-4287-9622-4C68F6F7824C}.Release|Any CPU.Build.0 = Debug|Any CPU
		{D6560AE5-C1F1-4F27-A7B4-5D65B7DE1CC6}.Debug|Any CPU.ActiveCfg = Debug|Any CPU
		{D6560AE5-C1F1-4F27-A7B4-5D65B7DE1CC6}.Debug|Any CPU.Build.0 = Debug|Any CPU
		{D6560AE5-C1F1-4F27-A7B4-5D65B7DE1CC6}.Release|Any CPU.ActiveCfg = Debug|Any CPU
		{D6560AE5-C1F1-4F27-A7B4-5D65B7DE1CC6}.Release|Any CPU.Build.0 = Debug|Any CPU
		{A722CC55-914B-4EBC-9A8B-6D9992014665}.Debug|Any CPU.ActiveCfg = Debug|Any CPU
		{A722CC55-914B-4EBC-9A8B-6D9992014665}.Debug|Any CPU.Build.0 = Debug|Any CPU
		{A722CC55-914B-4EBC-9A8B-6D9992014665}.Release|Any CPU.ActiveCfg = Debug|Any CPU
		{A722CC55-914B-4EBC-9A8B-6D9992014665}.Release|Any CPU.Build.0 = Debug|Any CPU
		{6D573662-3D84-4630-ADFB-26DB9FC168FB}.Debug|Any CPU.ActiveCfg = Debug|Any CPU
		{6D573662-3D84-4630-ADFB-26DB9FC168FB}.Debug|Any CPU.Build.0 = Debug|Any CPU
		{6D573662-3D84-4630-ADFB-26DB9FC168FB}.Release|Any CPU.ActiveCfg = Debug|Any CPU
		{6D573662-3D84-4630-ADFB-26DB9FC168FB}.Release|Any CPU.Build.0 = Debug|Any CPU
		{DA9F525D-A2D8-469C-B7D7-1CD14173DD57}.Debug|Any CPU.ActiveCfg = Debug|Any CPU
		{DA9F525D-A2D8-469C-B7D7-1CD14173DD57}.Debug|Any CPU.Build.0 = Debug|Any CPU
		{DA9F525D-A2D8-469C-B7D7-1CD14173DD57}.Release|Any CPU.ActiveCfg = Debug|Any CPU
		{DA9F525D-A2D8-469C-B7D7-1CD14173DD57}.Release|Any CPU.Build.0 = Debug|Any CPU
		{0C5B2B99-3C65-4EDB-AC86-6944A458A024}.Debug|Any CPU.ActiveCfg = Debug|Any CPU
		{0C5B2B99-3C65-4EDB-AC86-6944A458A024}.Debug|Any CPU.Build.0 = Debug|Any CPU
		{0C5B2B99-3C65-4EDB-AC86-6944A458A024}.Release|Any CPU.ActiveCfg = Debug|Any CPU
		{0C5B2B99-3C65-4EDB-AC86-6944A458A024}.Release|Any CPU.Build.0 = Debug|Any CPU
		{CE0BC366-E2D0-4CFB-920D-2E08C5CB1D1F}.Debug|Any CPU.ActiveCfg = Debug|Any CPU
		{CE0BC366-E2D0-4CFB-920D-2E08C5CB1D1F}.Debug|Any CPU.Build.0 = Debug|Any CPU
		{CE0BC366-E2D0-4CFB-920D-2E08C5CB1D1F}.Release|Any CPU.ActiveCfg = Debug|Any CPU
		{CE0BC366-E2D0-4CFB-920D-2E08C5CB1D1F}.Release|Any CPU.Build.0 = Debug|Any CPU
		{8AF84600-2242-4544-B69B-44444E44E15F}.Debug|Any CPU.ActiveCfg = Debug|Any CPU
		{8AF84600-2242-4544-B69B-44444E44E15F}.Debug|Any CPU.Build.0 = Debug|Any CPU
		{8AF84600-2242-4544-B69B-44444E44E15F}.Release|Any CPU.ActiveCfg = Debug|Any CPU
		{8AF84600-2242-4544-B69B-44444E44E15F}.Release|Any CPU.Build.0 = Debug|Any CPU
		{4B0B60B9-BA9C-45EB-BDAB-A7571F5157E3}.Debug|Any CPU.ActiveCfg = Debug|Any CPU
		{4B0B60B9-BA9C-45EB-BDAB-A7571F5157E3}.Debug|Any CPU.Build.0 = Debug|Any CPU
		{4B0B60B9-BA9C-45EB-BDAB-A7571F5157E3}.Release|Any CPU.ActiveCfg = Debug|Any CPU
		{4B0B60B9-BA9C-45EB-BDAB-A7571F5157E3}.Release|Any CPU.Build.0 = Debug|Any CPU
		{44AC2980-03BE-4AA2-A5D1-521CF550C27D}.Debug|Any CPU.ActiveCfg = Debug|Any CPU
		{44AC2980-03BE-4AA2-A5D1-521CF550C27D}.Debug|Any CPU.Build.0 = Debug|Any CPU
		{44AC2980-03BE-4AA2-A5D1-521CF550C27D}.Release|Any CPU.ActiveCfg = Debug|Any CPU
		{44AC2980-03BE-4AA2-A5D1-521CF550C27D}.Release|Any CPU.Build.0 = Debug|Any CPU
		{A8B3F1BC-15E2-4D21-9A1D-16BC0E87E179}.Debug|Any CPU.ActiveCfg = Debug|Any CPU
		{A8B3F1BC-15E2-4D21-9A1D-16BC0E87E179}.Debug|Any CPU.Build.0 = Debug|Any CPU
		{A8B3F1BC-15E2-4D21-9A1D-16BC0E87E179}.Release|Any CPU.ActiveCfg = Debug|Any CPU
		{A8B3F1BC-15E2-4D21-9A1D-16BC0E87E179}.Release|Any CPU.Build.0 = Debug|Any CPU
		{83957777-16E0-4267-BA73-E510DB40BAC7}.Debug|Any CPU.ActiveCfg = Debug|Any CPU
		{83957777-16E0-4267-BA73-E510DB40BAC7}.Debug|Any CPU.Build.0 = Debug|Any CPU
		{83957777-16E0-4267-BA73-E510DB40BAC7}.Release|Any CPU.ActiveCfg = Debug|Any CPU
		{83957777-16E0-4267-BA73-E510DB40BAC7}.Release|Any CPU.Build.0 = Debug|Any CPU
		{A3C6F384-ECB4-4A64-A06F-3E70F0EA7D10}.Debug|Any CPU.ActiveCfg = Debug|Any CPU
		{A3C6F384-ECB4-4A64-A06F-3E70F0EA7D10}.Debug|Any CPU.Build.0 = Debug|Any CPU
		{A3C6F384-ECB4-4A64-A06F-3E70F0EA7D10}.Release|Any CPU.ActiveCfg = Release|Any CPU
		{A3C6F384-ECB4-4A64-A06F-3E70F0EA7D10}.Release|Any CPU.Build.0 = Release|Any CPU
		{3B182887-CF56-4470-88E2-846ACCC9E0AF}.Debug|Any CPU.ActiveCfg = Debug|Any CPU
		{3B182887-CF56-4470-88E2-846ACCC9E0AF}.Debug|Any CPU.Build.0 = Debug|Any CPU
		{3B182887-CF56-4470-88E2-846ACCC9E0AF}.Release|Any CPU.ActiveCfg = Debug|Any CPU
		{3B182887-CF56-4470-88E2-846ACCC9E0AF}.Release|Any CPU.Build.0 = Debug|Any CPU
		{C9621E79-2DF9-4D62-9D28-8F0026026EDD}.Debug|Any CPU.ActiveCfg = Debug|Any CPU
		{C9621E79-2DF9-4D62-9D28-8F0026026EDD}.Debug|Any CPU.Build.0 = Debug|Any CPU
		{C9621E79-2DF9-4D62-9D28-8F0026026EDD}.Release|Any CPU.ActiveCfg = Debug|Any CPU
		{C9621E79-2DF9-4D62-9D28-8F0026026EDD}.Release|Any CPU.Build.0 = Debug|Any CPU
	EndGlobalSection
	GlobalSection(SolutionProperties) = preSolution
		HideSolutionNode = FALSE
	EndGlobalSection
	GlobalSection(NestedProjects) = preSolution
		{1C128B2C-50F0-493B-9D6B-1092A64FCB49} = {5B2CD84C-073E-4489-8744-E0F37E1C1994}
		{72CB1F6F-5E7B-4397-92A9-1F5A311B3BA7} = {5B2CD84C-073E-4489-8744-E0F37E1C1994}
		{13580DB4-1052-44E5-84D2-ABAAF0CEFCB6} = {5B2CD84C-073E-4489-8744-E0F37E1C1994}
		{BDA87ACC-153F-4D40-95F3-8D9268E1E9B1} = {5B2CD84C-073E-4489-8744-E0F37E1C1994}
		{E9332DD2-9164-4F49-9C80-70431B40B582} = {5B2CD84C-073E-4489-8744-E0F37E1C1994}
		{E8D576FF-5C78-409E-B44F-166C7282D85A} = {5B2CD84C-073E-4489-8744-E0F37E1C1994}
		{2524CACD-7494-4084-B52F-D4D9D8ABC5AD} = {5B2CD84C-073E-4489-8744-E0F37E1C1994}
		{0E843BA5-422C-418F-9E9A-AC1B290F29F8} = {5B2CD84C-073E-4489-8744-E0F37E1C1994}
		{C625305F-C294-41ED-801F-7E404EB4C564} = {5B2CD84C-073E-4489-8744-E0F37E1C1994}
		{08B620DD-973C-476D-B2CE-6DE23D423258} = {5B2CD84C-073E-4489-8744-E0F37E1C1994}
		{5BBBB0C6-250C-4ADD-A209-749230B8548B} = {5B2CD84C-073E-4489-8744-E0F37E1C1994}
		{29E10C05-9175-4534-B890-4E0F38CE435D} = {5B2CD84C-073E-4489-8744-E0F37E1C1994}
		{9A183E94-4726-4A27-BEC8-5EC2F58758F7} = {5B2CD84C-073E-4489-8744-E0F37E1C1994}
		{BFF2A107-4B4B-4B8B-8E98-8F66618F1D6A} = {5B2CD84C-073E-4489-8744-E0F37E1C1994}
		{F9ECB8E8-8D94-481F-A802-8B241C616DA9} = {5B2CD84C-073E-4489-8744-E0F37E1C1994}
		{E9F37429-69FD-4270-AD6C-323728872326} = {5B2CD84C-073E-4489-8744-E0F37E1C1994}
		{8EBA09E4-083F-4287-9622-4C68F6F7824C} = {5B2CD84C-073E-4489-8744-E0F37E1C1994}
		{D6560AE5-C1F1-4F27-A7B4-5D65B7DE1CC6} = {5B2CD84C-073E-4489-8744-E0F37E1C1994}
		{A722CC55-914B-4EBC-9A8B-6D9992014665} = {5B2CD84C-073E-4489-8744-E0F37E1C1994}
		{6D573662-3D84-4630-ADFB-26DB9FC168FB} = {5B2CD84C-073E-4489-8744-E0F37E1C1994}
		{0C5B2B99-3C65-4EDB-AC86-6944A458A024} = {5B2CD84C-073E-4489-8744-E0F37E1C1994}
		{CE0BC366-E2D0-4CFB-920D-2E08C5CB1D1F} = {5B2CD84C-073E-4489-8744-E0F37E1C1994}
		{8AF84600-2242-4544-B69B-44444E44E15F} = {5B2CD84C-073E-4489-8744-E0F37E1C1994}
		{4B0B60B9-BA9C-45EB-BDAB-A7571F5157E3} = {5B2CD84C-073E-4489-8744-E0F37E1C1994}
		{44AC2980-03BE-4AA2-A5D1-521CF550C27D} = {5B2CD84C-073E-4489-8744-E0F37E1C1994}
		{A8B3F1BC-15E2-4D21-9A1D-16BC0E87E179} = {5B2CD84C-073E-4489-8744-E0F37E1C1994}
		{83957777-16E0-4267-BA73-E510DB40BAC7} = {5B2CD84C-073E-4489-8744-E0F37E1C1994}
	EndGlobalSection
EndGlobal
