
Microsoft Visual Studio Solution File, Format Version 10.00
# Visual Studio 2008
Project("{FAE04EC0-301F-11D3-BF4B-00C04F79EFBC}") = "WNOS", "WNOS.csproj", "{678199A5-4695-40A6-BEF2-C1E66361F080}"
	ProjectSection(ProjectDependencies) = postProject
		{1C128B2C-50F0-493B-9D6B-1092A64FCB49} = {1C128B2C-50F0-493B-9D6B-1092A64FCB49}
		{640C7A87-776C-4D6D-B95C-C89C6A63C718} = {640C7A87-776C-4D6D-B95C-C89C6A63C718}
		{1B0512DA-3EBC-4D30-B3A2-02EE3898BAA3} = {1B0512DA-3EBC-4D30-B3A2-02EE3898BAA3}
	EndProjectSection
EndProject
Project("{FAE04EC0-301F-11D3-BF4B-00C04F79EFBC}") = "WNOSUtility", "..\WNOSUtility\WNOSUtility.csproj", "{94459097-5EAE-4482-B1E0-F419CEBCC8C7}"
EndProject
Project("{FAE04EC0-301F-11D3-BF4B-00C04F79EFBC}") = "WNOSConnector", "..\WNOSConnector\WNOSConnector.csproj", "{6DFCA062-E70D-4CCE-BBBF-11CA09EF2FD0}"
EndProject
Project("{FAE04EC0-301F-11D3-BF4B-00C04F79EFBC}") = "WNOSPlugin", "..\WNOSPlugin\WNOSPlugin.csproj", "{FF0BCEE5-858F-4DC9-8B7B-51FFB2AA6B70}"
EndProject
Project("{FAE04EC0-301F-11D3-BF4B-00C04F79EFBC}") = "SDWIS", "..\..\plugins\SDWIS\SDWIS.csproj", "{1C128B2C-50F0-493B-9D6B-1092A64FCB49}"
EndProject
Project("{FAE04EC0-301F-11D3-BF4B-00C04F79EFBC}") = "WNOSDomain", "..\WNOSDomain\WNOSDomain.csproj", "{0AD3D68F-4A02-4080-BFF2-8AD1BAB259AA}"
EndProject
Project("{FAE04EC0-301F-11D3-BF4B-00C04F79EFBC}") = "Endpoint2", "..\Endpoint2\Endpoint2.csproj", "{C20D5EA0-99D8-4D99-85F6-3CD814219307}"
EndProject
Project("{FAE04EC0-301F-11D3-BF4B-00C04F79EFBC}") = "Node20TestConsole", "..\Node20TestConsole\Node20TestConsole\Node20TestConsole.csproj", "{8F962D93-5E4D-4502-A6DC-B38E35B9E82C}"
EndProject
Project("{FAE04EC0-301F-11D3-BF4B-00C04F79EFBC}") = "Client2", "..\Client2\Client2.csproj", "{CAD05E6A-7DFA-4141-B3AA-7DE653956791}"
EndProject
Project("{FAE04EC0-301F-11D3-BF4B-00C04F79EFBC}") = "Endpoint1", "..\Endpoint1\Endpoint1.csproj", "{879027AB-0768-48C1-B4CD-E15AA91CB11B}"
EndProject
Project("{FAE04EC0-301F-11D3-BF4B-00C04F79EFBC}") = "MOCKEDPlugin", "..\..\plugins\MOCKEDPlugin\MOCKEDPlugin.csproj", "{1B0512DA-3EBC-4D30-B3A2-02EE3898BAA3}"
EndProject
Project("{FAE04EC0-301F-11D3-BF4B-00C04F79EFBC}") = "WNOSProviders", "..\WNOSProviders\WNOSProviders.csproj", "{D95C862B-FFDC-4936-8835-B0D8DB421B20}"
EndProject
Project("{FAE04EC0-301F-11D3-BF4B-00C04F79EFBC}") = "AssemblyInfo", "..\AssemblyInfo\AssemblyInfo.csproj", "{FBFF305C-3C14-4013-88F4-EAB636399C2C}"
EndProject
Project("{FAE04EC0-301F-11D3-BF4B-00C04F79EFBC}") = "NAASClient", "..\NASSClient\NAASClient.csproj", "{8FB61114-2953-4BF9-86AC-072FF5B401D7}"
EndProject
Project("{FAE04EC0-301F-11D3-BF4B-00C04F79EFBC}") = "SetupBuild", "..\SetupBuild\SetupBuild.csproj", "{640C7A87-776C-4D6D-B95C-C89C6A63C718}"
EndProject
Global
	GlobalSection(SolutionConfigurationPlatforms) = preSolution
		Debug|Any CPU = Debug|Any CPU
		Release|Any CPU = Release|Any CPU
	EndGlobalSection
	GlobalSection(ProjectConfigurationPlatforms) = postSolution
		{678199A5-4695-40A6-BEF2-C1E66361F080}.Debug|Any CPU.ActiveCfg = Debug|Any CPU
		{678199A5-4695-40A6-BEF2-C1E66361F080}.Debug|Any CPU.Build.0 = Debug|Any CPU
		{678199A5-4695-40A6-BEF2-C1E66361F080}.Release|Any CPU.ActiveCfg = Release|Any CPU
		{678199A5-4695-40A6-BEF2-C1E66361F080}.Release|Any CPU.Build.0 = Release|Any CPU
		{94459097-5EAE-4482-B1E0-F419CEBCC8C7}.Debug|Any CPU.ActiveCfg = Debug|Any CPU
		{94459097-5EAE-4482-B1E0-F419CEBCC8C7}.Debug|Any CPU.Build.0 = Debug|Any CPU
		{94459097-5EAE-4482-B1E0-F419CEBCC8C7}.Release|Any CPU.ActiveCfg = Release|Any CPU
		{94459097-5EAE-4482-B1E0-F419CEBCC8C7}.Release|Any CPU.Build.0 = Release|Any CPU
		{6DFCA062-E70D-4CCE-BBBF-11CA09EF2FD0}.Debug|Any CPU.ActiveCfg = Debug|Any CPU
		{6DFCA062-E70D-4CCE-BBBF-11CA09EF2FD0}.Debug|Any CPU.Build.0 = Debug|Any CPU
		{6DFCA062-E70D-4CCE-BBBF-11CA09EF2FD0}.Release|Any CPU.ActiveCfg = Release|Any CPU
		{6DFCA062-E70D-4CCE-BBBF-11CA09EF2FD0}.Release|Any CPU.Build.0 = Release|Any CPU
		{FF0BCEE5-858F-4DC9-8B7B-51FFB2AA6B70}.Debug|Any CPU.ActiveCfg = Debug|Any CPU
		{FF0BCEE5-858F-4DC9-8B7B-51FFB2AA6B70}.Debug|Any CPU.Build.0 = Debug|Any CPU
		{FF0BCEE5-858F-4DC9-8B7B-51FFB2AA6B70}.Release|Any CPU.ActiveCfg = Release|Any CPU
		{FF0BCEE5-858F-4DC9-8B7B-51FFB2AA6B70}.Release|Any CPU.Build.0 = Release|Any CPU
		{1C128B2C-50F0-493B-9D6B-1092A64FCB49}.Debug|Any CPU.ActiveCfg = Debug|Any CPU
		{1C128B2C-50F0-493B-9D6B-1092A64FCB49}.Debug|Any CPU.Build.0 = Debug|Any CPU
		{1C128B2C-50F0-493B-9D6B-1092A64FCB49}.Release|Any CPU.ActiveCfg = Release|Any CPU
		{1C128B2C-50F0-493B-9D6B-1092A64FCB49}.Release|Any CPU.Build.0 = Release|Any CPU
		{0AD3D68F-4A02-4080-BFF2-8AD1BAB259AA}.Debug|Any CPU.ActiveCfg = Debug|Any CPU
		{0AD3D68F-4A02-4080-BFF2-8AD1BAB259AA}.Debug|Any CPU.Build.0 = Debug|Any CPU
		{0AD3D68F-4A02-4080-BFF2-8AD1BAB259AA}.Release|Any CPU.ActiveCfg = Release|Any CPU
		{0AD3D68F-4A02-4080-BFF2-8AD1BAB259AA}.Release|Any CPU.Build.0 = Release|Any CPU
		{C20D5EA0-99D8-4D99-85F6-3CD814219307}.Debug|Any CPU.ActiveCfg = Debug|Any CPU
		{C20D5EA0-99D8-4D99-85F6-3CD814219307}.Debug|Any CPU.Build.0 = Debug|Any CPU
		{C20D5EA0-99D8-4D99-85F6-3CD814219307}.Release|Any CPU.ActiveCfg = Release|Any CPU
		{C20D5EA0-99D8-4D99-85F6-3CD814219307}.Release|Any CPU.Build.0 = Release|Any CPU
		{8F962D93-5E4D-4502-A6DC-B38E35B9E82C}.Debug|Any CPU.ActiveCfg = Debug|Any CPU
		{8F962D93-5E4D-4502-A6DC-B38E35B9E82C}.Debug|Any CPU.Build.0 = Debug|Any CPU
		{8F962D93-5E4D-4502-A6DC-B38E35B9E82C}.Release|Any CPU.ActiveCfg = Release|Any CPU
		{8F962D93-5E4D-4502-A6DC-B38E35B9E82C}.Release|Any CPU.Build.0 = Release|Any CPU
		{CAD05E6A-7DFA-4141-B3AA-7DE653956791}.Debug|Any CPU.ActiveCfg = Debug|Any CPU
		{CAD05E6A-7DFA-4141-B3AA-7DE653956791}.Debug|Any CPU.Build.0 = Debug|Any CPU
		{CAD05E6A-7DFA-4141-B3AA-7DE653956791}.Release|Any CPU.ActiveCfg = Release|Any CPU
		{CAD05E6A-7DFA-4141-B3AA-7DE653956791}.Release|Any CPU.Build.0 = Release|Any CPU
		{879027AB-0768-48C1-B4CD-E15AA91CB11B}.Debug|Any CPU.ActiveCfg = Debug|Any CPU
		{879027AB-0768-48C1-B4CD-E15AA91CB11B}.Debug|Any CPU.Build.0 = Debug|Any CPU
		{879027AB-0768-48C1-B4CD-E15AA91CB11B}.Release|Any CPU.ActiveCfg = Release|Any CPU
		{879027AB-0768-48C1-B4CD-E15AA91CB11B}.Release|Any CPU.Build.0 = Release|Any CPU
		{1B0512DA-3EBC-4D30-B3A2-02EE3898BAA3}.Debug|Any CPU.ActiveCfg = Debug|Any CPU
		{1B0512DA-3EBC-4D30-B3A2-02EE3898BAA3}.Debug|Any CPU.Build.0 = Debug|Any CPU
		{1B0512DA-3EBC-4D30-B3A2-02EE3898BAA3}.Release|Any CPU.ActiveCfg = Release|Any CPU
		{1B0512DA-3EBC-4D30-B3A2-02EE3898BAA3}.Release|Any CPU.Build.0 = Release|Any CPU
		{D95C862B-FFDC-4936-8835-B0D8DB421B20}.Debug|Any CPU.ActiveCfg = Debug|Any CPU
		{D95C862B-FFDC-4936-8835-B0D8DB421B20}.Debug|Any CPU.Build.0 = Debug|Any CPU
		{D95C862B-FFDC-4936-8835-B0D8DB421B20}.Release|Any CPU.ActiveCfg = Release|Any CPU
		{D95C862B-FFDC-4936-8835-B0D8DB421B20}.Release|Any CPU.Build.0 = Release|Any CPU
		{FBFF305C-3C14-4013-88F4-EAB636399C2C}.Debug|Any CPU.ActiveCfg = Debug|Any CPU
		{FBFF305C-3C14-4013-88F4-EAB636399C2C}.Debug|Any CPU.Build.0 = Debug|Any CPU
		{FBFF305C-3C14-4013-88F4-EAB636399C2C}.Release|Any CPU.ActiveCfg = Release|Any CPU
		{FBFF305C-3C14-4013-88F4-EAB636399C2C}.Release|Any CPU.Build.0 = Release|Any CPU
		{8FB61114-2953-4BF9-86AC-072FF5B401D7}.Debug|Any CPU.ActiveCfg = Debug|Any CPU
		{8FB61114-2953-4BF9-86AC-072FF5B401D7}.Debug|Any CPU.Build.0 = Debug|Any CPU
		{8FB61114-2953-4BF9-86AC-072FF5B401D7}.Release|Any CPU.ActiveCfg = Release|Any CPU
		{8FB61114-2953-4BF9-86AC-072FF5B401D7}.Release|Any CPU.Build.0 = Release|Any CPU
		{640C7A87-776C-4D6D-B95C-C89C6A63C718}.Debug|Any CPU.ActiveCfg = Debug|Any CPU
		{640C7A87-776C-4D6D-B95C-C89C6A63C718}.Debug|Any CPU.Build.0 = Debug|Any CPU
		{640C7A87-776C-4D6D-B95C-C89C6A63C718}.Release|Any CPU.ActiveCfg = Release|Any CPU
		{640C7A87-776C-4D6D-B95C-C89C6A63C718}.Release|Any CPU.Build.0 = Release|Any CPU
	EndGlobalSection
	GlobalSection(SolutionProperties) = preSolution
		HideSolutionNode = FALSE
	EndGlobalSection
EndGlobal
