
Microsoft Visual Studio Solution File, Format Version 10.00
# Visual Studio 2008
Project("{2150E333-8FDC-42A3-9474-1A3956D46DE8}") = "Plugins", "Plugins", "{5B2CD84C-073E-4489-8744-E0F37E1C1994}"
EndProject
Project("{2150E333-8FDC-42A3-9474-1A3956D46DE8}") = "Config", "Config", "{0D5B21F7-53D7-466C-9D16-8029CB7B9C73}"
	ProjectSection(SolutionItems) = preProject
		config\AdminExportedServices.config = config\AdminExportedServices.config
		config\Aop.config = config\Aop.config
		config\Data.config = config\Data.config
		config\Deployment.config = config\Deployment.config
		config\log4net.config = config\log4net.config
		config\Logic.config = config\Logic.config
		config\NAAS.config = config\NAAS.config
		config\Other.config = config\Other.config
		config\PluginServices.config = config\PluginServices.config
		config\Remoting.config = config\Remoting.config
		config\Server.config = config\Server.config
		config\Service.config = config\Service.config
		config\Utilities.config = config\Utilities.config
		config\WebProxy.config = config\WebProxy.config
		config\WebServiceExportedServices.config = config\WebServiceExportedServices.config
		config\WNOS.config = config\WNOS.config
	EndProjectSection
EndProject
Project("{FAE04EC0-301F-11D3-BF4B-00C04F79EFBC}") = "Client2", "src\Client2\Client2.csproj", "{CAD05E6A-7DFA-4141-B3AA-7DE653956791}"
EndProject
Project("{FAE04EC0-301F-11D3-BF4B-00C04F79EFBC}") = "Endpoint2", "src\Endpoint2\Endpoint2.csproj", "{C20D5EA0-99D8-4D99-85F6-3CD814219307}"
EndProject
Project("{FAE04EC0-301F-11D3-BF4B-00C04F79EFBC}") = "WNOS", "src\WNOS\WNOS.csproj", "{678199A5-4695-40A6-BEF2-C1E66361F080}"
	ProjectSection(ProjectDependencies) = postProject
		{1C128B2C-50F0-493B-9D6B-1092A64FCB49} = {1C128B2C-50F0-493B-9D6B-1092A64FCB49}
	EndProjectSection
EndProject
Project("{FAE04EC0-301F-11D3-BF4B-00C04F79EFBC}") = "WNOSConnector", "src\WNOSConnector\WNOSConnector.csproj", "{6DFCA062-E70D-4CCE-BBBF-11CA09EF2FD0}"
EndProject
Project("{FAE04EC0-301F-11D3-BF4B-00C04F79EFBC}") = "Endpoint1", "src\Endpoint1\Endpoint1.csproj", "{879027AB-0768-48C1-B4CD-E15AA91CB11B}"
EndProject
Project("{FAE04EC0-301F-11D3-BF4B-00C04F79EFBC}") = "WNOSPlugin", "src\WNOSPlugin\WNOSPlugin.csproj", "{FF0BCEE5-858F-4DC9-8B7B-51FFB2AA6B70}"
EndProject
Project("{FAE04EC0-301F-11D3-BF4B-00C04F79EFBC}") = "WNOSUtility", "src\WNOSUtility\WNOSUtility.csproj", "{94459097-5EAE-4482-B1E0-F419CEBCC8C7}"
EndProject
Project("{FAE04EC0-301F-11D3-BF4B-00C04F79EFBC}") = "Admin", "src\Admin\Admin.csproj", "{F11899B7-F1BF-4B78-8876-DACE0EA3F286}"
EndProject
Project("{FAE04EC0-301F-11D3-BF4B-00C04F79EFBC}") = "WNOSDomain", "src\WNOSDomain\WNOSDomain.csproj", "{0AD3D68F-4A02-4080-BFF2-8AD1BAB259AA}"
EndProject
Project("{FAE04EC0-301F-11D3-BF4B-00C04F79EFBC}") = "SDWIS", "plugins\SDWIS\SDWIS.csproj", "{1C128B2C-50F0-493B-9D6B-1092A64FCB49}"
EndProject
Project("{FAE04EC0-301F-11D3-BF4B-00C04F79EFBC}") = "WNOSProviders", "src\WNOSProviders\WNOSProviders.csproj", "{D95C862B-FFDC-4936-8835-B0D8DB421B20}"
EndProject
Project("{FAE04EC0-301F-11D3-BF4B-00C04F79EFBC}") = "AssemblyInfo", "src\AssemblyInfo\AssemblyInfo.csproj", "{FBFF305C-3C14-4013-88F4-EAB636399C2C}"
EndProject
Project("{FAE04EC0-301F-11D3-BF4B-00C04F79EFBC}") = "SetupBuild", "src\SetupBuild\SetupBuild.csproj", "{640C7A87-776C-4D6D-B95C-C89C6A63C718}"
	ProjectSection(ProjectDependencies) = postProject
		{52A56B02-87FE-4529-8A86-2450BDDDE7D3} = {52A56B02-87FE-4529-8A86-2450BDDDE7D3}
		{29E10C05-9175-4534-B890-4E0F38CE435D} = {29E10C05-9175-4534-B890-4E0F38CE435D}
		{BFF2A107-4B4B-4B8B-8E98-8F66618F1D6A} = {BFF2A107-4B4B-4B8B-8E98-8F66618F1D6A}
		{568D4A0B-A088-4053-B366-0A7CAEABFC66} = {568D4A0B-A088-4053-B366-0A7CAEABFC66}
		{1C128B2C-50F0-493B-9D6B-1092A64FCB49} = {1C128B2C-50F0-493B-9D6B-1092A64FCB49}
		{4A55994D-2329-42BF-A2D6-5178FA9E21C1} = {4A55994D-2329-42BF-A2D6-5178FA9E21C1}
		{CA2C8B53-7D4B-4C42-8063-B5B882649EB9} = {CA2C8B53-7D4B-4C42-8063-B5B882649EB9}
		{C625305F-C294-41ED-801F-7E404EB4C564} = {C625305F-C294-41ED-801F-7E404EB4C564}
		{51F19662-F93B-4834-9CB8-8DC4E04F7B20} = {51F19662-F93B-4834-9CB8-8DC4E04F7B20}
		{D88F3A6D-9742-4B62-B971-8DD39D26CB25} = {D88F3A6D-9742-4B62-B971-8DD39D26CB25}
		{72CB1F6F-5E7B-4397-92A9-1F5A311B3BA7} = {72CB1F6F-5E7B-4397-92A9-1F5A311B3BA7}
		{D49B0684-DF5B-4E07-8860-0733CCF0AD4B} = {D49B0684-DF5B-4E07-8860-0733CCF0AD4B}
		{9A183E94-4726-4A27-BEC8-5EC2F58758F7} = {9A183E94-4726-4A27-BEC8-5EC2F58758F7}
		{D48AB498-FF66-495E-9943-78FDBD11E113} = {D48AB498-FF66-495E-9943-78FDBD11E113}
		{0E843BA5-422C-418F-9E9A-AC1B290F29F8} = {0E843BA5-422C-418F-9E9A-AC1B290F29F8}
		{13580DB4-1052-44E5-84D2-ABAAF0CEFCB6} = {13580DB4-1052-44E5-84D2-ABAAF0CEFCB6}
		{5BBBB0C6-250C-4ADD-A209-749230B8548B} = {5BBBB0C6-250C-4ADD-A209-749230B8548B}
		{BDA87ACC-153F-4D40-95F3-8D9268E1E9B1} = {BDA87ACC-153F-4D40-95F3-8D9268E1E9B1}
		{E9332DD2-9164-4F49-9C80-70431B40B582} = {E9332DD2-9164-4F49-9C80-70431B40B582}
		{08B620DD-973C-476D-B2CE-6DE23D423258} = {08B620DD-973C-476D-B2CE-6DE23D423258}
		{E8D576FF-5C78-409E-B44F-166C7282D85A} = {E8D576FF-5C78-409E-B44F-166C7282D85A}
	EndProjectSection
EndProject
Project("{FAE04EC0-301F-11D3-BF4B-00C04F79EFBC}") = "WNOSConsoleApp", "src\WNOSConsoleApp\WNOSConsoleApp.csproj", "{CA2C8B53-7D4B-4C42-8063-B5B882649EB9}"
EndProject
Project("{FAE04EC0-301F-11D3-BF4B-00C04F79EFBC}") = "WNOSServiceApp", "src\WNOSServiceApp\WNOSServiceApp.csproj", "{52A56B02-87FE-4529-8A86-2450BDDDE7D3}"
EndProject
Project("{FAE04EC0-301F-11D3-BF4B-00C04F79EFBC}") = "NCT", "plugins\NCT\NCT.csproj", "{13580DB4-1052-44E5-84D2-ABAAF0CEFCB6}"
EndProject
Project("{FAE04EC0-301F-11D3-BF4B-00C04F79EFBC}") = "WQX_2", "plugins\WQX_2\WQX_2.csproj", "{BDA87ACC-153F-4D40-95F3-8D9268E1E9B1}"
EndProject
Project("{FAE04EC0-301F-11D3-BF4B-00C04F79EFBC}") = "Client1", "src\Client1\Client1.csproj", "{0F352B86-219E-4B86-B98F-0E72899C1646}"
EndProject
Project("{FAE04EC0-301F-11D3-BF4B-00C04F79EFBC}") = "AQS-WS", "plugins\AQS-WS\AQS-WS.csproj", "{E9332DD2-9164-4F49-9C80-70431B40B582}"
EndProject
Project("{FAE04EC0-301F-11D3-BF4B-00C04F79EFBC}") = "NAASClient", "src\NAASClient\NAASClient.csproj", "{8FB61114-2953-4BF9-86AC-072FF5B401D7}"
EndProject
Project("{FAE04EC0-301F-11D3-BF4B-00C04F79EFBC}") = "NodeEndpointClient", "src\NodeEndpointClient\NodeEndpointClient.csproj", "{51F19662-F93B-4834-9CB8-8DC4E04F7B20}"
EndProject
Project("{FAE04EC0-301F-11D3-BF4B-00C04F79EFBC}") = "Windsor", "plugins\WINDSOR\Windsor.csproj", "{E8D576FF-5C78-409E-B44F-166C7282D85A}"
EndProject
Project("{FAE04EC0-301F-11D3-BF4B-00C04F79EFBC}") = "Windsor.Commons.Core", "src\Windsor-Commons-Core\Windsor.Commons.Core.csproj", "{FE8A985A-F050-4475-B3D6-4E95EE87CF40}"
EndProject
Project("{FAE04EC0-301F-11D3-BF4B-00C04F79EFBC}") = "Windsor.Commons.Compression", "src\Windsor-Commons-Compression\Windsor.Commons.Compression.csproj", "{A5E08ED5-9650-4CDF-90C1-ACD0A3463BA3}"
EndProject
Project("{FAE04EC0-301F-11D3-BF4B-00C04F79EFBC}") = "Windsor.Commons.GenericCollectionLibrary", "src\Windsor-Commons-GenericCollectionLibrary\Windsor.Commons.GenericCollectionLibrary.csproj", "{73AAC6A1-0028-4947-8B57-2DDE04D6D115}"
EndProject
Project("{FAE04EC0-301F-11D3-BF4B-00C04F79EFBC}") = "Windsor.Commons.Spring", "src\Windsor-Commons-Spring\Windsor.Commons.Spring.csproj", "{2249EFD8-40F1-4C41-BCF0-AD29FEDFCBD0}"
EndProject
Project("{FAE04EC0-301F-11D3-BF4B-00C04F79EFBC}") = "Windsor.Commons.Logging", "src\Windsor-Commons-Logging\Windsor.Commons.Logging.csproj", "{C201FD80-438C-4252-9655-B3E26F75A5AA}"
EndProject
Project("{FAE04EC0-301F-11D3-BF4B-00C04F79EFBC}") = "Windsor.Commons.XsdOrm", "src\Windsor-Commons-XsdOrm\Windsor.Commons.XsdOrm.csproj", "{8A62B9FD-50DC-4712-9237-ADE3CDC0A3D4}"
EndProject
Project("{FAE04EC0-301F-11D3-BF4B-00C04F79EFBC}") = "Security", "plugins\Security\Security.csproj", "{C625305F-C294-41ED-801F-7E404EB4C564}"
EndProject
Project("{FAE04EC0-301F-11D3-BF4B-00C04F79EFBC}") = "NEI_DB", "plugins\NEI_DB\NEI_DB.csproj", "{D49B0684-DF5B-4E07-8860-0733CCF0AD4B}"
EndProject
Project("{FAE04EC0-301F-11D3-BF4B-00C04F79EFBC}") = "FRS", "plugins\FRS_23\FRS.csproj", "{5BBBB0C6-250C-4ADD-A209-749230B8548B}"
EndProject
Project("{FAE04EC0-301F-11D3-BF4B-00C04F79EFBC}") = "RCRA_41", "plugins\RCRA_41\RCRA_41.csproj", "{D48AB498-FF66-495E-9943-78FDBD11E113}"
EndProject
Project("{FAE04EC0-301F-11D3-BF4B-00C04F79EFBC}") = "MapForceBridge", "plugins\MapForceBridge\MapForceBridge.csproj", "{9A183E94-4726-4A27-BEC8-5EC2F58758F7}"
EndProject
Project("{FAE04EC0-301F-11D3-BF4B-00C04F79EFBC}") = "ENDS_2", "plugins\ENDS_2\ENDS_2.csproj", "{29E10C05-9175-4534-B890-4E0F38CE435D}"
EndProject
Project("{FAE04EC0-301F-11D3-BF4B-00C04F79EFBC}") = "PNWWQX", "plugins\PNWWQX\PNWWQX.csproj", "{72CB1F6F-5E7B-4397-92A9-1F5A311B3BA7}"
EndProject
Project("{FAE04EC0-301F-11D3-BF4B-00C04F79EFBC}") = "FACID30", "plugins\FACID30\FACID30.csproj", "{08B620DD-973C-476D-B2CE-6DE23D423258}"
EndProject
Project("{FAE04EC0-301F-11D3-BF4B-00C04F79EFBC}") = "HERE", "plugins\HERE\HERE.csproj", "{0E843BA5-422C-418F-9E9A-AC1B290F29F8}"
EndProject
Project("{FAE04EC0-301F-11D3-BF4B-00C04F79EFBC}") = "TRI_Manifest", "plugins\TRI_Manifest\TRI_Manifest.csproj", "{568D4A0B-A088-4053-B366-0A7CAEABFC66}"
EndProject
Project("{FAE04EC0-301F-11D3-BF4B-00C04F79EFBC}") = "ICISNPDES_15", "plugins\ICISNPDES_15\ICISNPDES_15.csproj", "{D88F3A6D-9742-4B62-B971-8DD39D26CB25}"
EndProject
Project("{FAE04EC0-301F-11D3-BF4B-00C04F79EFBC}") = "EIS_11", "plugins\EIS_11\EIS_11.csproj", "{BFF2A107-4B4B-4B8B-8E98-8F66618F1D6A}"
EndProject
Project("{FAE04EC0-301F-11D3-BF4B-00C04F79EFBC}") = "UIC_10", "plugins\UIC_10\UIC_10.csproj", "{ECAF98FB-4EBC-42D2-A246-2544124D6676}"
EndProject
Project("{FAE04EC0-301F-11D3-BF4B-00C04F79EFBC}") = "BEACHES_21", "plugins\BEACHES_21\BEACHES_21.csproj", "{4A55994D-2329-42BF-A2D6-5178FA9E21C1}"
EndProject
Global
	GlobalSection(SolutionConfigurationPlatforms) = preSolution
		Debug|Any CPU = Debug|Any CPU
		Release|Any CPU = Release|Any CPU
	EndGlobalSection
	GlobalSection(ProjectConfigurationPlatforms) = postSolution
		{CAD05E6A-7DFA-4141-B3AA-7DE653956791}.Debug|Any CPU.ActiveCfg = Debug|Any CPU
		{CAD05E6A-7DFA-4141-B3AA-7DE653956791}.Debug|Any CPU.Build.0 = Debug|Any CPU
		{CAD05E6A-7DFA-4141-B3AA-7DE653956791}.Release|Any CPU.ActiveCfg = Release|Any CPU
		{CAD05E6A-7DFA-4141-B3AA-7DE653956791}.Release|Any CPU.Build.0 = Release|Any CPU
		{C20D5EA0-99D8-4D99-85F6-3CD814219307}.Debug|Any CPU.ActiveCfg = Debug|Any CPU
		{C20D5EA0-99D8-4D99-85F6-3CD814219307}.Debug|Any CPU.Build.0 = Debug|Any CPU
		{C20D5EA0-99D8-4D99-85F6-3CD814219307}.Release|Any CPU.ActiveCfg = Release|Any CPU
		{C20D5EA0-99D8-4D99-85F6-3CD814219307}.Release|Any CPU.Build.0 = Release|Any CPU
		{678199A5-4695-40A6-BEF2-C1E66361F080}.Debug|Any CPU.ActiveCfg = Debug|Any CPU
		{678199A5-4695-40A6-BEF2-C1E66361F080}.Debug|Any CPU.Build.0 = Debug|Any CPU
		{678199A5-4695-40A6-BEF2-C1E66361F080}.Release|Any CPU.ActiveCfg = Release|Any CPU
		{678199A5-4695-40A6-BEF2-C1E66361F080}.Release|Any CPU.Build.0 = Release|Any CPU
		{6DFCA062-E70D-4CCE-BBBF-11CA09EF2FD0}.Debug|Any CPU.ActiveCfg = Debug|Any CPU
		{6DFCA062-E70D-4CCE-BBBF-11CA09EF2FD0}.Debug|Any CPU.Build.0 = Debug|Any CPU
		{6DFCA062-E70D-4CCE-BBBF-11CA09EF2FD0}.Release|Any CPU.ActiveCfg = Release|Any CPU
		{6DFCA062-E70D-4CCE-BBBF-11CA09EF2FD0}.Release|Any CPU.Build.0 = Release|Any CPU
		{879027AB-0768-48C1-B4CD-E15AA91CB11B}.Debug|Any CPU.ActiveCfg = Debug|Any CPU
		{879027AB-0768-48C1-B4CD-E15AA91CB11B}.Debug|Any CPU.Build.0 = Debug|Any CPU
		{879027AB-0768-48C1-B4CD-E15AA91CB11B}.Release|Any CPU.ActiveCfg = Release|Any CPU
		{879027AB-0768-48C1-B4CD-E15AA91CB11B}.Release|Any CPU.Build.0 = Release|Any CPU
		{FF0BCEE5-858F-4DC9-8B7B-51FFB2AA6B70}.Debug|Any CPU.ActiveCfg = Debug|Any CPU
		{FF0BCEE5-858F-4DC9-8B7B-51FFB2AA6B70}.Debug|Any CPU.Build.0 = Debug|Any CPU
		{FF0BCEE5-858F-4DC9-8B7B-51FFB2AA6B70}.Release|Any CPU.ActiveCfg = Release|Any CPU
		{FF0BCEE5-858F-4DC9-8B7B-51FFB2AA6B70}.Release|Any CPU.Build.0 = Release|Any CPU
		{94459097-5EAE-4482-B1E0-F419CEBCC8C7}.Debug|Any CPU.ActiveCfg = Debug|Any CPU
		{94459097-5EAE-4482-B1E0-F419CEBCC8C7}.Debug|Any CPU.Build.0 = Debug|Any CPU
		{94459097-5EAE-4482-B1E0-F419CEBCC8C7}.Release|Any CPU.ActiveCfg = Release|Any CPU
		{94459097-5EAE-4482-B1E0-F419CEBCC8C7}.Release|Any CPU.Build.0 = Release|Any CPU
		{F11899B7-F1BF-4B78-8876-DACE0EA3F286}.Debug|Any CPU.ActiveCfg = Debug|Any CPU
		{F11899B7-F1BF-4B78-8876-DACE0EA3F286}.Debug|Any CPU.Build.0 = Debug|Any CPU
		{F11899B7-F1BF-4B78-8876-DACE0EA3F286}.Release|Any CPU.ActiveCfg = Release|Any CPU
		{F11899B7-F1BF-4B78-8876-DACE0EA3F286}.Release|Any CPU.Build.0 = Release|Any CPU
		{0AD3D68F-4A02-4080-BFF2-8AD1BAB259AA}.Debug|Any CPU.ActiveCfg = Debug|Any CPU
		{0AD3D68F-4A02-4080-BFF2-8AD1BAB259AA}.Debug|Any CPU.Build.0 = Debug|Any CPU
		{0AD3D68F-4A02-4080-BFF2-8AD1BAB259AA}.Release|Any CPU.ActiveCfg = Release|Any CPU
		{0AD3D68F-4A02-4080-BFF2-8AD1BAB259AA}.Release|Any CPU.Build.0 = Release|Any CPU
		{1C128B2C-50F0-493B-9D6B-1092A64FCB49}.Debug|Any CPU.ActiveCfg = Debug|Any CPU
		{1C128B2C-50F0-493B-9D6B-1092A64FCB49}.Debug|Any CPU.Build.0 = Debug|Any CPU
		{1C128B2C-50F0-493B-9D6B-1092A64FCB49}.Release|Any CPU.ActiveCfg = Release|Any CPU
		{1C128B2C-50F0-493B-9D6B-1092A64FCB49}.Release|Any CPU.Build.0 = Release|Any CPU
		{D95C862B-FFDC-4936-8835-B0D8DB421B20}.Debug|Any CPU.ActiveCfg = Debug|Any CPU
		{D95C862B-FFDC-4936-8835-B0D8DB421B20}.Debug|Any CPU.Build.0 = Debug|Any CPU
		{D95C862B-FFDC-4936-8835-B0D8DB421B20}.Release|Any CPU.ActiveCfg = Release|Any CPU
		{D95C862B-FFDC-4936-8835-B0D8DB421B20}.Release|Any CPU.Build.0 = Release|Any CPU
		{FBFF305C-3C14-4013-88F4-EAB636399C2C}.Debug|Any CPU.ActiveCfg = Debug|Any CPU
		{FBFF305C-3C14-4013-88F4-EAB636399C2C}.Debug|Any CPU.Build.0 = Debug|Any CPU
		{FBFF305C-3C14-4013-88F4-EAB636399C2C}.Release|Any CPU.ActiveCfg = Release|Any CPU
		{FBFF305C-3C14-4013-88F4-EAB636399C2C}.Release|Any CPU.Build.0 = Release|Any CPU
		{640C7A87-776C-4D6D-B95C-C89C6A63C718}.Debug|Any CPU.ActiveCfg = Debug|Any CPU
		{640C7A87-776C-4D6D-B95C-C89C6A63C718}.Debug|Any CPU.Build.0 = Debug|Any CPU
		{640C7A87-776C-4D6D-B95C-C89C6A63C718}.Release|Any CPU.ActiveCfg = Release|Any CPU
		{640C7A87-776C-4D6D-B95C-C89C6A63C718}.Release|Any CPU.Build.0 = Release|Any CPU
		{CA2C8B53-7D4B-4C42-8063-B5B882649EB9}.Debug|Any CPU.ActiveCfg = Debug|Any CPU
		{CA2C8B53-7D4B-4C42-8063-B5B882649EB9}.Debug|Any CPU.Build.0 = Debug|Any CPU
		{CA2C8B53-7D4B-4C42-8063-B5B882649EB9}.Release|Any CPU.ActiveCfg = Release|Any CPU
		{CA2C8B53-7D4B-4C42-8063-B5B882649EB9}.Release|Any CPU.Build.0 = Release|Any CPU
		{52A56B02-87FE-4529-8A86-2450BDDDE7D3}.Debug|Any CPU.ActiveCfg = Debug|Any CPU
		{52A56B02-87FE-4529-8A86-2450BDDDE7D3}.Debug|Any CPU.Build.0 = Debug|Any CPU
		{52A56B02-87FE-4529-8A86-2450BDDDE7D3}.Release|Any CPU.ActiveCfg = Release|Any CPU
		{52A56B02-87FE-4529-8A86-2450BDDDE7D3}.Release|Any CPU.Build.0 = Release|Any CPU
		{13580DB4-1052-44E5-84D2-ABAAF0CEFCB6}.Debug|Any CPU.ActiveCfg = Debug|Any CPU
		{13580DB4-1052-44E5-84D2-ABAAF0CEFCB6}.Debug|Any CPU.Build.0 = Debug|Any CPU
		{13580DB4-1052-44E5-84D2-ABAAF0CEFCB6}.Release|Any CPU.ActiveCfg = Release|Any CPU
		{13580DB4-1052-44E5-84D2-ABAAF0CEFCB6}.Release|Any CPU.Build.0 = Release|Any CPU
		{BDA87ACC-153F-4D40-95F3-8D9268E1E9B1}.Debug|Any CPU.ActiveCfg = Debug|Any CPU
		{BDA87ACC-153F-4D40-95F3-8D9268E1E9B1}.Debug|Any CPU.Build.0 = Debug|Any CPU
		{BDA87ACC-153F-4D40-95F3-8D9268E1E9B1}.Release|Any CPU.ActiveCfg = Release|Any CPU
		{BDA87ACC-153F-4D40-95F3-8D9268E1E9B1}.Release|Any CPU.Build.0 = Release|Any CPU
		{0F352B86-219E-4B86-B98F-0E72899C1646}.Debug|Any CPU.ActiveCfg = Debug|Any CPU
		{0F352B86-219E-4B86-B98F-0E72899C1646}.Debug|Any CPU.Build.0 = Debug|Any CPU
		{0F352B86-219E-4B86-B98F-0E72899C1646}.Release|Any CPU.ActiveCfg = Release|Any CPU
		{0F352B86-219E-4B86-B98F-0E72899C1646}.Release|Any CPU.Build.0 = Release|Any CPU
		{E9332DD2-9164-4F49-9C80-70431B40B582}.Debug|Any CPU.ActiveCfg = Debug|Any CPU
		{E9332DD2-9164-4F49-9C80-70431B40B582}.Debug|Any CPU.Build.0 = Debug|Any CPU
		{E9332DD2-9164-4F49-9C80-70431B40B582}.Release|Any CPU.ActiveCfg = Release|Any CPU
		{E9332DD2-9164-4F49-9C80-70431B40B582}.Release|Any CPU.Build.0 = Release|Any CPU
		{8FB61114-2953-4BF9-86AC-072FF5B401D7}.Debug|Any CPU.ActiveCfg = Debug|Any CPU
		{8FB61114-2953-4BF9-86AC-072FF5B401D7}.Debug|Any CPU.Build.0 = Debug|Any CPU
		{8FB61114-2953-4BF9-86AC-072FF5B401D7}.Release|Any CPU.ActiveCfg = Release|Any CPU
		{8FB61114-2953-4BF9-86AC-072FF5B401D7}.Release|Any CPU.Build.0 = Release|Any CPU
		{51F19662-F93B-4834-9CB8-8DC4E04F7B20}.Debug|Any CPU.ActiveCfg = Debug|Any CPU
		{51F19662-F93B-4834-9CB8-8DC4E04F7B20}.Debug|Any CPU.Build.0 = Debug|Any CPU
		{51F19662-F93B-4834-9CB8-8DC4E04F7B20}.Release|Any CPU.ActiveCfg = Release|Any CPU
		{51F19662-F93B-4834-9CB8-8DC4E04F7B20}.Release|Any CPU.Build.0 = Release|Any CPU
		{E8D576FF-5C78-409E-B44F-166C7282D85A}.Debug|Any CPU.ActiveCfg = Debug|Any CPU
		{E8D576FF-5C78-409E-B44F-166C7282D85A}.Debug|Any CPU.Build.0 = Debug|Any CPU
		{E8D576FF-5C78-409E-B44F-166C7282D85A}.Release|Any CPU.ActiveCfg = Release|Any CPU
		{E8D576FF-5C78-409E-B44F-166C7282D85A}.Release|Any CPU.Build.0 = Release|Any CPU
		{FE8A985A-F050-4475-B3D6-4E95EE87CF40}.Debug|Any CPU.ActiveCfg = Debug|Any CPU
		{FE8A985A-F050-4475-B3D6-4E95EE87CF40}.Debug|Any CPU.Build.0 = Debug|Any CPU
		{FE8A985A-F050-4475-B3D6-4E95EE87CF40}.Release|Any CPU.ActiveCfg = Release|Any CPU
		{FE8A985A-F050-4475-B3D6-4E95EE87CF40}.Release|Any CPU.Build.0 = Release|Any CPU
		{A5E08ED5-9650-4CDF-90C1-ACD0A3463BA3}.Debug|Any CPU.ActiveCfg = Debug|Any CPU
		{A5E08ED5-9650-4CDF-90C1-ACD0A3463BA3}.Debug|Any CPU.Build.0 = Debug|Any CPU
		{A5E08ED5-9650-4CDF-90C1-ACD0A3463BA3}.Release|Any CPU.ActiveCfg = Release|Any CPU
		{A5E08ED5-9650-4CDF-90C1-ACD0A3463BA3}.Release|Any CPU.Build.0 = Release|Any CPU
		{73AAC6A1-0028-4947-8B57-2DDE04D6D115}.Debug|Any CPU.ActiveCfg = Debug|Any CPU
		{73AAC6A1-0028-4947-8B57-2DDE04D6D115}.Debug|Any CPU.Build.0 = Debug|Any CPU
		{73AAC6A1-0028-4947-8B57-2DDE04D6D115}.Release|Any CPU.ActiveCfg = Release|Any CPU
		{73AAC6A1-0028-4947-8B57-2DDE04D6D115}.Release|Any CPU.Build.0 = Release|Any CPU
		{2249EFD8-40F1-4C41-BCF0-AD29FEDFCBD0}.Debug|Any CPU.ActiveCfg = Debug|Any CPU
		{2249EFD8-40F1-4C41-BCF0-AD29FEDFCBD0}.Debug|Any CPU.Build.0 = Debug|Any CPU
		{2249EFD8-40F1-4C41-BCF0-AD29FEDFCBD0}.Release|Any CPU.ActiveCfg = Release|Any CPU
		{2249EFD8-40F1-4C41-BCF0-AD29FEDFCBD0}.Release|Any CPU.Build.0 = Release|Any CPU
		{C201FD80-438C-4252-9655-B3E26F75A5AA}.Debug|Any CPU.ActiveCfg = Debug|Any CPU
		{C201FD80-438C-4252-9655-B3E26F75A5AA}.Debug|Any CPU.Build.0 = Debug|Any CPU
		{C201FD80-438C-4252-9655-B3E26F75A5AA}.Release|Any CPU.ActiveCfg = Release|Any CPU
		{C201FD80-438C-4252-9655-B3E26F75A5AA}.Release|Any CPU.Build.0 = Release|Any CPU
		{8A62B9FD-50DC-4712-9237-ADE3CDC0A3D4}.Debug|Any CPU.ActiveCfg = Debug|Any CPU
		{8A62B9FD-50DC-4712-9237-ADE3CDC0A3D4}.Debug|Any CPU.Build.0 = Debug|Any CPU
		{8A62B9FD-50DC-4712-9237-ADE3CDC0A3D4}.Release|Any CPU.ActiveCfg = Release|Any CPU
		{8A62B9FD-50DC-4712-9237-ADE3CDC0A3D4}.Release|Any CPU.Build.0 = Release|Any CPU
		{C625305F-C294-41ED-801F-7E404EB4C564}.Debug|Any CPU.ActiveCfg = Debug|Any CPU
		{C625305F-C294-41ED-801F-7E404EB4C564}.Debug|Any CPU.Build.0 = Debug|Any CPU
		{C625305F-C294-41ED-801F-7E404EB4C564}.Release|Any CPU.ActiveCfg = Release|Any CPU
		{C625305F-C294-41ED-801F-7E404EB4C564}.Release|Any CPU.Build.0 = Release|Any CPU
		{D49B0684-DF5B-4E07-8860-0733CCF0AD4B}.Debug|Any CPU.ActiveCfg = Debug|Any CPU
		{D49B0684-DF5B-4E07-8860-0733CCF0AD4B}.Debug|Any CPU.Build.0 = Debug|Any CPU
		{D49B0684-DF5B-4E07-8860-0733CCF0AD4B}.Release|Any CPU.ActiveCfg = Release|Any CPU
		{D49B0684-DF5B-4E07-8860-0733CCF0AD4B}.Release|Any CPU.Build.0 = Release|Any CPU
		{5BBBB0C6-250C-4ADD-A209-749230B8548B}.Debug|Any CPU.ActiveCfg = Debug|Any CPU
		{5BBBB0C6-250C-4ADD-A209-749230B8548B}.Debug|Any CPU.Build.0 = Debug|Any CPU
		{5BBBB0C6-250C-4ADD-A209-749230B8548B}.Release|Any CPU.ActiveCfg = Release|Any CPU
		{5BBBB0C6-250C-4ADD-A209-749230B8548B}.Release|Any CPU.Build.0 = Release|Any CPU
		{D48AB498-FF66-495E-9943-78FDBD11E113}.Debug|Any CPU.ActiveCfg = Debug|Any CPU
		{D48AB498-FF66-495E-9943-78FDBD11E113}.Debug|Any CPU.Build.0 = Debug|Any CPU
		{D48AB498-FF66-495E-9943-78FDBD11E113}.Release|Any CPU.ActiveCfg = Release|Any CPU
		{D48AB498-FF66-495E-9943-78FDBD11E113}.Release|Any CPU.Build.0 = Release|Any CPU
		{9A183E94-4726-4A27-BEC8-5EC2F58758F7}.Debug|Any CPU.ActiveCfg = Debug|Any CPU
		{9A183E94-4726-4A27-BEC8-5EC2F58758F7}.Debug|Any CPU.Build.0 = Debug|Any CPU
		{9A183E94-4726-4A27-BEC8-5EC2F58758F7}.Release|Any CPU.ActiveCfg = Release|Any CPU
		{9A183E94-4726-4A27-BEC8-5EC2F58758F7}.Release|Any CPU.Build.0 = Release|Any CPU
		{29E10C05-9175-4534-B890-4E0F38CE435D}.Debug|Any CPU.ActiveCfg = Debug|Any CPU
		{29E10C05-9175-4534-B890-4E0F38CE435D}.Debug|Any CPU.Build.0 = Debug|Any CPU
		{29E10C05-9175-4534-B890-4E0F38CE435D}.Release|Any CPU.ActiveCfg = Release|Any CPU
		{29E10C05-9175-4534-B890-4E0F38CE435D}.Release|Any CPU.Build.0 = Release|Any CPU
		{72CB1F6F-5E7B-4397-92A9-1F5A311B3BA7}.Debug|Any CPU.ActiveCfg = Debug|Any CPU
		{72CB1F6F-5E7B-4397-92A9-1F5A311B3BA7}.Debug|Any CPU.Build.0 = Debug|Any CPU
		{72CB1F6F-5E7B-4397-92A9-1F5A311B3BA7}.Release|Any CPU.ActiveCfg = Release|Any CPU
		{72CB1F6F-5E7B-4397-92A9-1F5A311B3BA7}.Release|Any CPU.Build.0 = Release|Any CPU
		{08B620DD-973C-476D-B2CE-6DE23D423258}.Debug|Any CPU.ActiveCfg = Debug|Any CPU
		{08B620DD-973C-476D-B2CE-6DE23D423258}.Debug|Any CPU.Build.0 = Debug|Any CPU
		{08B620DD-973C-476D-B2CE-6DE23D423258}.Release|Any CPU.ActiveCfg = Release|Any CPU
		{08B620DD-973C-476D-B2CE-6DE23D423258}.Release|Any CPU.Build.0 = Release|Any CPU
		{0E843BA5-422C-418F-9E9A-AC1B290F29F8}.Debug|Any CPU.ActiveCfg = Debug|Any CPU
		{0E843BA5-422C-418F-9E9A-AC1B290F29F8}.Debug|Any CPU.Build.0 = Debug|Any CPU
		{0E843BA5-422C-418F-9E9A-AC1B290F29F8}.Release|Any CPU.ActiveCfg = Release|Any CPU
		{0E843BA5-422C-418F-9E9A-AC1B290F29F8}.Release|Any CPU.Build.0 = Release|Any CPU
		{568D4A0B-A088-4053-B366-0A7CAEABFC66}.Debug|Any CPU.ActiveCfg = Debug|Any CPU
		{568D4A0B-A088-4053-B366-0A7CAEABFC66}.Debug|Any CPU.Build.0 = Debug|Any CPU
		{568D4A0B-A088-4053-B366-0A7CAEABFC66}.Release|Any CPU.ActiveCfg = Release|Any CPU
		{568D4A0B-A088-4053-B366-0A7CAEABFC66}.Release|Any CPU.Build.0 = Release|Any CPU
		{D88F3A6D-9742-4B62-B971-8DD39D26CB25}.Debug|Any CPU.ActiveCfg = Debug|Any CPU
		{D88F3A6D-9742-4B62-B971-8DD39D26CB25}.Debug|Any CPU.Build.0 = Debug|Any CPU
		{D88F3A6D-9742-4B62-B971-8DD39D26CB25}.Release|Any CPU.ActiveCfg = Release|Any CPU
		{D88F3A6D-9742-4B62-B971-8DD39D26CB25}.Release|Any CPU.Build.0 = Release|Any CPU
		{BFF2A107-4B4B-4B8B-8E98-8F66618F1D6A}.Debug|Any CPU.ActiveCfg = Debug|Any CPU
		{BFF2A107-4B4B-4B8B-8E98-8F66618F1D6A}.Debug|Any CPU.Build.0 = Debug|Any CPU
		{BFF2A107-4B4B-4B8B-8E98-8F66618F1D6A}.Release|Any CPU.ActiveCfg = Release|Any CPU
		{BFF2A107-4B4B-4B8B-8E98-8F66618F1D6A}.Release|Any CPU.Build.0 = Release|Any CPU
		{ECAF98FB-4EBC-42D2-A246-2544124D6676}.Debug|Any CPU.ActiveCfg = Debug|Any CPU
		{ECAF98FB-4EBC-42D2-A246-2544124D6676}.Debug|Any CPU.Build.0 = Debug|Any CPU
		{ECAF98FB-4EBC-42D2-A246-2544124D6676}.Release|Any CPU.ActiveCfg = Release|Any CPU
		{ECAF98FB-4EBC-42D2-A246-2544124D6676}.Release|Any CPU.Build.0 = Release|Any CPU
		{4A55994D-2329-42BF-A2D6-5178FA9E21C1}.Debug|Any CPU.ActiveCfg = Debug|Any CPU
		{4A55994D-2329-42BF-A2D6-5178FA9E21C1}.Debug|Any CPU.Build.0 = Debug|Any CPU
		{4A55994D-2329-42BF-A2D6-5178FA9E21C1}.Release|Any CPU.ActiveCfg = Release|Any CPU
		{4A55994D-2329-42BF-A2D6-5178FA9E21C1}.Release|Any CPU.Build.0 = Release|Any CPU
	EndGlobalSection
	GlobalSection(SolutionProperties) = preSolution
		HideSolutionNode = FALSE
	EndGlobalSection
	GlobalSection(NestedProjects) = preSolution
		{1C128B2C-50F0-493B-9D6B-1092A64FCB49} = {5B2CD84C-073E-4489-8744-E0F37E1C1994}
		{13580DB4-1052-44E5-84D2-ABAAF0CEFCB6} = {5B2CD84C-073E-4489-8744-E0F37E1C1994}
		{BDA87ACC-153F-4D40-95F3-8D9268E1E9B1} = {5B2CD84C-073E-4489-8744-E0F37E1C1994}
		{E9332DD2-9164-4F49-9C80-70431B40B582} = {5B2CD84C-073E-4489-8744-E0F37E1C1994}
		{E8D576FF-5C78-409E-B44F-166C7282D85A} = {5B2CD84C-073E-4489-8744-E0F37E1C1994}
		{C625305F-C294-41ED-801F-7E404EB4C564} = {5B2CD84C-073E-4489-8744-E0F37E1C1994}
		{D49B0684-DF5B-4E07-8860-0733CCF0AD4B} = {5B2CD84C-073E-4489-8744-E0F37E1C1994}
		{5BBBB0C6-250C-4ADD-A209-749230B8548B} = {5B2CD84C-073E-4489-8744-E0F37E1C1994}
		{D48AB498-FF66-495E-9943-78FDBD11E113} = {5B2CD84C-073E-4489-8744-E0F37E1C1994}
		{9A183E94-4726-4A27-BEC8-5EC2F58758F7} = {5B2CD84C-073E-4489-8744-E0F37E1C1994}
		{29E10C05-9175-4534-B890-4E0F38CE435D} = {5B2CD84C-073E-4489-8744-E0F37E1C1994}
		{72CB1F6F-5E7B-4397-92A9-1F5A311B3BA7} = {5B2CD84C-073E-4489-8744-E0F37E1C1994}
		{08B620DD-973C-476D-B2CE-6DE23D423258} = {5B2CD84C-073E-4489-8744-E0F37E1C1994}
		{0E843BA5-422C-418F-9E9A-AC1B290F29F8} = {5B2CD84C-073E-4489-8744-E0F37E1C1994}
		{568D4A0B-A088-4053-B366-0A7CAEABFC66} = {5B2CD84C-073E-4489-8744-E0F37E1C1994}
		{D88F3A6D-9742-4B62-B971-8DD39D26CB25} = {5B2CD84C-073E-4489-8744-E0F37E1C1994}
		{BFF2A107-4B4B-4B8B-8E98-8F66618F1D6A} = {5B2CD84C-073E-4489-8744-E0F37E1C1994}
		{ECAF98FB-4EBC-42D2-A246-2544124D6676} = {5B2CD84C-073E-4489-8744-E0F37E1C1994}
		{4A55994D-2329-42BF-A2D6-5178FA9E21C1} = {5B2CD84C-073E-4489-8744-E0F37E1C1994}
	EndGlobalSection
EndGlobal
