
Microsoft Visual Studio Solution File, Format Version 9.00
# Visual Studio 2005
Project("{FAE04EC0-301F-11D3-BF4B-00C04F79EFBC}") = "Endpoint2", "Endpoint2.csproj", "{C20D5EA0-99D8-4D99-85F6-3CD814219307}"
	ProjectSection(WebsiteProperties) = preProject
		Debug.AspNetCompiler.Debug = "True"
		Release.AspNetCompiler.Debug = "False"
	EndProjectSection
EndProject
Project("{FAE04EC0-301F-11D3-BF4B-00C04F79EFBC}") = "WNOSUtility", "..\WNOSUtility\WNOSUtility.csproj", "{94459097-5EAE-4482-B1E0-F419CEBCC8C7}"
	ProjectSection(WebsiteProperties) = preProject
		Debug.AspNetCompiler.Debug = "True"
		Release.AspNetCompiler.Debug = "False"
	EndProjectSection
EndProject
Project("{FAE04EC0-301F-11D3-BF4B-00C04F79EFBC}") = "WNOSConnector", "..\WNOSConnector\WNOSConnector.csproj", "{6DFCA062-E70D-4CCE-BBBF-11CA09EF2FD0}"
	ProjectSection(WebsiteProperties) = preProject
		Debug.AspNetCompiler.Debug = "True"
		Release.AspNetCompiler.Debug = "False"
	EndProjectSection
EndProject
Global
	GlobalSection(SolutionConfigurationPlatforms) = preSolution
		Debug|Any CPU = Debug|Any CPU
		Release|Any CPU = Release|Any CPU
	EndGlobalSection
	GlobalSection(ProjectConfigurationPlatforms) = postSolution
		{C20D5EA0-99D8-4D99-85F6-3CD814219307}.Debug|Any CPU.ActiveCfg = Debug|Any CPU
		{C20D5EA0-99D8-4D99-85F6-3CD814219307}.Debug|Any CPU.Build.0 = Debug|Any CPU
		{C20D5EA0-99D8-4D99-85F6-3CD814219307}.Release|Any CPU.ActiveCfg = Release|Any CPU
		{C20D5EA0-99D8-4D99-85F6-3CD814219307}.Release|Any CPU.Build.0 = Release|Any CPU
		{94459097-5EAE-4482-B1E0-F419CEBCC8C7}.Debug|Any CPU.ActiveCfg = Debug|Any CPU
		{94459097-5EAE-4482-B1E0-F419CEBCC8C7}.Debug|Any CPU.Build.0 = Debug|Any CPU
		{94459097-5EAE-4482-B1E0-F419CEBCC8C7}.Release|Any CPU.ActiveCfg = Release|Any CPU
		{94459097-5EAE-4482-B1E0-F419CEBCC8C7}.Release|Any CPU.Build.0 = Release|Any CPU
		{6DFCA062-E70D-4CCE-BBBF-11CA09EF2FD0}.Debug|Any CPU.ActiveCfg = Debug|Any CPU
		{6DFCA062-E70D-4CCE-BBBF-11CA09EF2FD0}.Debug|Any CPU.Build.0 = Debug|Any CPU
		{6DFCA062-E70D-4CCE-BBBF-11CA09EF2FD0}.Release|Any CPU.ActiveCfg = Release|Any CPU
		{6DFCA062-E70D-4CCE-BBBF-11CA09EF2FD0}.Release|Any CPU.Build.0 = Release|Any CPU
	EndGlobalSection
	GlobalSection(SolutionProperties) = preSolution
		HideSolutionNode = FALSE
	EndGlobalSection
EndGlobal
