
Microsoft Visual Studio Solution File, Format Version 12.00
# Visual Studio 2010
Project("{FAE04EC0-301F-11D3-BF4B-00C04F79EFBC}") = "Windsor.Commons.Core", "Windsor.Commons.Core.csproj", "{FE8A985A-F050-4475-B3D6-4E95EE87CF40}"
EndProject
Global
	GlobalSection(SolutionConfigurationPlatforms) = preSolution
		Debug|Any CPU = Debug|Any CPU
		Release|Any CPU = Release|Any CPU
	EndGlobalSection
	GlobalSection(ProjectConfigurationPlatforms) = postSolution
		{FE8A985A-F050-4475-B3D6-4E95EE87CF40}.Debug|Any CPU.ActiveCfg = Debug|Any CPU
		{FE8A985A-F050-4475-B3D6-4E95EE87CF40}.Debug|Any CPU.Build.0 = Debug|Any CPU
		{FE8A985A-F050-4475-B3D6-4E95EE87CF40}.Release|Any CPU.ActiveCfg = Release|Any CPU
		{FE8A985A-F050-4475-B3D6-4E95EE87CF40}.Release|Any CPU.Build.0 = Release|Any CPU
	EndGlobalSection
	GlobalSection(SolutionProperties) = preSolution
		HideSolutionNode = FALSE
	EndGlobalSection
EndGlobal
